// !$*UTF8*$!
{
	archiveVersion = 1;
	classes = {
	};
	objectVersion = 56;
	objects = {

/* Begin PBXBuildFile section */
		8771436E2B99DF1C005B1DC1 /* TestExtensions.swift in Sources */ = {isa = PBXBuildFile; fileRef = 8771436D2B99DF1C005B1DC1 /* TestExtensions.swift */; };
		879BF3A62B94A764003D1A3A /* Presentation.framework in Frameworks */ = {isa = PBXBuildFile; fileRef = 879BF39E2B94A763003D1A3A /* Presentation.framework */; };
		879BF3AB2B94A764003D1A3A /* SignUpPresenterTests.swift in Sources */ = {isa = PBXBuildFile; fileRef = 879BF3AA2B94A764003D1A3A /* SignUpPresenterTests.swift */; };
		879BF3B42B94A7E6003D1A3A /* SignUpPresenter.swift in Sources */ = {isa = PBXBuildFile; fileRef = 879BF3B32B94A7E6003D1A3A /* SignUpPresenter.swift */; };
		879BF3B52B94AE4D003D1A3A /* Domain.framework in Frameworks */ = {isa = PBXBuildFile; fileRef = 87A9F3992B8CFFE400B93A99 /* Domain.framework */; };
		879BF3B62B94AE4D003D1A3A /* Domain.framework in Embed Frameworks */ = {isa = PBXBuildFile; fileRef = 87A9F3992B8CFFE400B93A99 /* Domain.framework */; settings = {ATTRIBUTES = (CodeSignOnCopy, RemoveHeadersOnCopy, ); }; };
		879BF3BE2B94AF0B003D1A3A /* AlertView.swift in Sources */ = {isa = PBXBuildFile; fileRef = 879BF3BD2B94AF0B003D1A3A /* AlertView.swift */; };
		879BF3C32B94B209003D1A3A /* EmailValidator.swift in Sources */ = {isa = PBXBuildFile; fileRef = 879BF3C22B94B209003D1A3A /* EmailValidator.swift */; };
		87A5CACB2B950C7D00FD407E /* AccountModelFactory.swift in Sources */ = {isa = PBXBuildFile; fileRef = 87CF92A02B90F725001FBC14 /* AccountModelFactory.swift */; };
		87A5CACC2B95173100FD407E /* TestExtensions.swift in Sources */ = {isa = PBXBuildFile; fileRef = 87CF92992B90F64B001FBC14 /* TestExtensions.swift */; };
		87A5CACE2B9518BC00FD407E /* LoadingView.swift in Sources */ = {isa = PBXBuildFile; fileRef = 87A5CACD2B9518BC00FD407E /* LoadingView.swift */; };
		87A5CAD12B95250900FD407E /* SignUpViewModel.swift in Sources */ = {isa = PBXBuildFile; fileRef = 87A5CAD02B95250900FD407E /* SignUpViewModel.swift */; };
		87A5CAD32B95255A00FD407E /* SignUpMapper.swift in Sources */ = {isa = PBXBuildFile; fileRef = 87A5CAD22B95255A00FD407E /* SignUpMapper.swift */; };
		87A5CAD72B95265D00FD407E /* AlertViewSpy.swift in Sources */ = {isa = PBXBuildFile; fileRef = 87A5CAD62B95265D00FD407E /* AlertViewSpy.swift */; };
		87A5CADA2B95268B00FD407E /* EmailValidatorSpy.swift in Sources */ = {isa = PBXBuildFile; fileRef = 87A5CAD92B95268B00FD407E /* EmailValidatorSpy.swift */; };
		87A5CADD2B9526C100FD407E /* AddAccountSpy.swift in Sources */ = {isa = PBXBuildFile; fileRef = 87A5CADC2B9526C100FD407E /* AddAccountSpy.swift */; };
		87A5CADF2B9526ED00FD407E /* LoadingViewSpy.swift in Sources */ = {isa = PBXBuildFile; fileRef = 87A5CADE2B9526ED00FD407E /* LoadingViewSpy.swift */; };
		87A5CAE22B95276900FD407E /* TestFactories.swift in Sources */ = {isa = PBXBuildFile; fileRef = 87A5CAE12B95276900FD407E /* TestFactories.swift */; };
		87A9F3A12B8D004B00B93A99 /* AddAccountUseCase.swift in Sources */ = {isa = PBXBuildFile; fileRef = 87A9F3A02B8D004B00B93A99 /* AddAccountUseCase.swift */; };
		87A9F3A32B8D010B00B93A99 /* AccountModel.swift in Sources */ = {isa = PBXBuildFile; fileRef = 87A9F3A22B8D010B00B93A99 /* AccountModel.swift */; };
		87A9F3B12B8D017D00B93A99 /* Data.framework in Frameworks */ = {isa = PBXBuildFile; fileRef = 87A9F3A92B8D017D00B93A99 /* Data.framework */; };
		87A9F3B62B8D017D00B93A99 /* RemoteAddAccountTests.swift in Sources */ = {isa = PBXBuildFile; fileRef = 87A9F3B52B8D017D00B93A99 /* RemoteAddAccountTests.swift */; };
		87A9F3BF2B8D019F00B93A99 /* Domain.framework in Frameworks */ = {isa = PBXBuildFile; fileRef = 87A9F3992B8CFFE400B93A99 /* Domain.framework */; };
		87A9F3C02B8D019F00B93A99 /* Domain.framework in Embed Frameworks */ = {isa = PBXBuildFile; fileRef = 87A9F3992B8CFFE400B93A99 /* Domain.framework */; settings = {ATTRIBUTES = (CodeSignOnCopy, RemoveHeadersOnCopy, ); }; };
		87ADC1F32B8E711100165FDD /* Model.swift in Sources */ = {isa = PBXBuildFile; fileRef = 87ADC1F22B8E711100165FDD /* Model.swift */; };
		87ADC1F52B8E71B800165FDD /* RemoteAddAccount.swift in Sources */ = {isa = PBXBuildFile; fileRef = 87ADC1F42B8E71B800165FDD /* RemoteAddAccount.swift */; };
		87ADC1FB2B8E727600165FDD /* HttpPostClient.swift in Sources */ = {isa = PBXBuildFile; fileRef = 87ADC1FA2B8E727600165FDD /* HttpPostClient.swift */; };
		87B0CCD72B95E6C80010867E /* UI.framework in Frameworks */ = {isa = PBXBuildFile; fileRef = 87B0CCCF2B95E6C80010867E /* UI.framework */; };
		87B0CCDC2B95E6C80010867E /* SignUpViewControllerTests.swift in Sources */ = {isa = PBXBuildFile; fileRef = 87B0CCDB2B95E6C80010867E /* SignUpViewControllerTests.swift */; };
		87B0CCE52B95EA5F0010867E /* SignUpViewController.swift in Sources */ = {isa = PBXBuildFile; fileRef = 87B0CCE42B95EA5F0010867E /* SignUpViewController.swift */; };
		87B0CCE72B95EA840010867E /* SignUp.storyboard in Resources */ = {isa = PBXBuildFile; fileRef = 87B0CCE62B95EA840010867E /* SignUp.storyboard */; };
		87B0CCE82B95EFBE0010867E /* Presentation.framework in Frameworks */ = {isa = PBXBuildFile; fileRef = 879BF39E2B94A763003D1A3A /* Presentation.framework */; };
		87B0CCE92B95EFBE0010867E /* Presentation.framework in Embed Frameworks */ = {isa = PBXBuildFile; fileRef = 879BF39E2B94A763003D1A3A /* Presentation.framework */; settings = {ATTRIBUTES = (CodeSignOnCopy, RemoveHeadersOnCopy, ); }; };
		87C87B8C2B93CB49000B70CC /* AlamofireAdapter.swift in Sources */ = {isa = PBXBuildFile; fileRef = 87C87B8B2B93CB49000B70CC /* AlamofireAdapter.swift */; };
		87C87B902B93CBFF000B70CC /* UrlProtocolStub.swift in Sources */ = {isa = PBXBuildFile; fileRef = 87C87B8F2B93CBFF000B70CC /* UrlProtocolStub.swift */; };
		87C87B9B2B93D64D000B70CC /* AddAccountIntegrationTests.swift in Sources */ = {isa = PBXBuildFile; fileRef = 87C87B9A2B93D64D000B70CC /* AddAccountIntegrationTests.swift */; };
		87C87B9C2B93D64D000B70CC /* Data.framework in Frameworks */ = {isa = PBXBuildFile; fileRef = 87A9F3A92B8D017D00B93A99 /* Data.framework */; };
		87C87BA22B93D65E000B70CC /* Domain.framework in Frameworks */ = {isa = PBXBuildFile; fileRef = 87A9F3992B8CFFE400B93A99 /* Domain.framework */; };
		87C87BA32B93D65E000B70CC /* Domain.framework in Embed Frameworks */ = {isa = PBXBuildFile; fileRef = 87A9F3992B8CFFE400B93A99 /* Domain.framework */; settings = {ATTRIBUTES = (CodeSignOnCopy, RemoveHeadersOnCopy, ); }; };
		87C87BA62B93D65E000B70CC /* Infra.framework in Frameworks */ = {isa = PBXBuildFile; fileRef = 87CF92A72B90FB16001FBC14 /* Infra.framework */; };
		87C87BA72B93D65E000B70CC /* Infra.framework in Embed Frameworks */ = {isa = PBXBuildFile; fileRef = 87CF92A72B90FB16001FBC14 /* Infra.framework */; settings = {ATTRIBUTES = (CodeSignOnCopy, RemoveHeadersOnCopy, ); }; };
		87CF92912B90B6D1001FBC14 /* DomainError.swift in Sources */ = {isa = PBXBuildFile; fileRef = 87CF92902B90B6D1001FBC14 /* DomainError.swift */; };
		87CF92942B90B968001FBC14 /* HttpError.swift in Sources */ = {isa = PBXBuildFile; fileRef = 87CF92932B90B968001FBC14 /* HttpError.swift */; };
		87CF92972B90C9FC001FBC14 /* ExtensionHelpers.swift in Sources */ = {isa = PBXBuildFile; fileRef = 87CF92962B90C9FC001FBC14 /* ExtensionHelpers.swift */; };
		87CF929A2B90F64B001FBC14 /* TestExtensions.swift in Sources */ = {isa = PBXBuildFile; fileRef = 87CF92992B90F64B001FBC14 /* TestExtensions.swift */; };
		87CF929C2B90F69A001FBC14 /* TestFactories.swift in Sources */ = {isa = PBXBuildFile; fileRef = 87CF929B2B90F69A001FBC14 /* TestFactories.swift */; };
		87CF929F2B90F6ED001FBC14 /* HttpClientSpy.swift in Sources */ = {isa = PBXBuildFile; fileRef = 87CF929E2B90F6ED001FBC14 /* HttpClientSpy.swift */; };
		87CF92A12B90F725001FBC14 /* AccountModelFactory.swift in Sources */ = {isa = PBXBuildFile; fileRef = 87CF92A02B90F725001FBC14 /* AccountModelFactory.swift */; };
		87CF92AF2B90FB16001FBC14 /* Infra.framework in Frameworks */ = {isa = PBXBuildFile; fileRef = 87CF92A72B90FB16001FBC14 /* Infra.framework */; };
		87CF92B42B90FB16001FBC14 /* AlamoFireAdapterTests.swift in Sources */ = {isa = PBXBuildFile; fileRef = 87CF92B32B90FB16001FBC14 /* AlamoFireAdapterTests.swift */; };
		87CF92BC2B90FBD7001FBC14 /* Data.framework in Frameworks */ = {isa = PBXBuildFile; fileRef = 87A9F3A92B8D017D00B93A99 /* Data.framework */; };
		87CF92BD2B90FBD7001FBC14 /* Data.framework in Embed Frameworks */ = {isa = PBXBuildFile; fileRef = 87A9F3A92B8D017D00B93A99 /* Data.framework */; settings = {ATTRIBUTES = (CodeSignOnCopy, RemoveHeadersOnCopy, ); }; };
		87CF92C12B90FBF9001FBC14 /* TestExtensions.swift in Sources */ = {isa = PBXBuildFile; fileRef = 87CF92992B90F64B001FBC14 /* TestExtensions.swift */; };
		87CF92C22B90FC04001FBC14 /* TestFactories.swift in Sources */ = {isa = PBXBuildFile; fileRef = 87CF929B2B90F69A001FBC14 /* TestFactories.swift */; };
		87CF92C52B90FC89001FBC14 /* Alamofire in Frameworks */ = {isa = PBXBuildFile; productRef = 87CF92C42B90FC89001FBC14 /* Alamofire */; };
/* End PBXBuildFile section */

/* Begin PBXContainerItemProxy section */
		879BF3A72B94A764003D1A3A /* PBXContainerItemProxy */ = {
			isa = PBXContainerItemProxy;
			containerPortal = 87A9F3812B8CFE7D00B93A99 /* Project object */;
			proxyType = 1;
			remoteGlobalIDString = 879BF39D2B94A763003D1A3A;
			remoteInfo = Presentation;
		};
		879BF3B72B94AE4D003D1A3A /* PBXContainerItemProxy */ = {
			isa = PBXContainerItemProxy;
			containerPortal = 87A9F3812B8CFE7D00B93A99 /* Project object */;
			proxyType = 1;
			remoteGlobalIDString = 87A9F3982B8CFFE400B93A99;
			remoteInfo = Domain;
		};
		87A9F3B22B8D017D00B93A99 /* PBXContainerItemProxy */ = {
			isa = PBXContainerItemProxy;
			containerPortal = 87A9F3812B8CFE7D00B93A99 /* Project object */;
			proxyType = 1;
			remoteGlobalIDString = 87A9F3A82B8D017D00B93A99;
			remoteInfo = Data;
		};
		87A9F3C12B8D019F00B93A99 /* PBXContainerItemProxy */ = {
			isa = PBXContainerItemProxy;
			containerPortal = 87A9F3812B8CFE7D00B93A99 /* Project object */;
			proxyType = 1;
			remoteGlobalIDString = 87A9F3982B8CFFE400B93A99;
			remoteInfo = Domain;
		};
		87B0CCD82B95E6C80010867E /* PBXContainerItemProxy */ = {
			isa = PBXContainerItemProxy;
			containerPortal = 87A9F3812B8CFE7D00B93A99 /* Project object */;
			proxyType = 1;
			remoteGlobalIDString = 87B0CCCE2B95E6C80010867E;
			remoteInfo = UI;
		};
		87B0CCEA2B95EFBE0010867E /* PBXContainerItemProxy */ = {
			isa = PBXContainerItemProxy;
			containerPortal = 87A9F3812B8CFE7D00B93A99 /* Project object */;
			proxyType = 1;
			remoteGlobalIDString = 879BF39D2B94A763003D1A3A;
			remoteInfo = Presentation;
		};
		87C87B9D2B93D64D000B70CC /* PBXContainerItemProxy */ = {
			isa = PBXContainerItemProxy;
			containerPortal = 87A9F3812B8CFE7D00B93A99 /* Project object */;
			proxyType = 1;
			remoteGlobalIDString = 87A9F3A82B8D017D00B93A99;
			remoteInfo = Data;
		};
		87C87BA42B93D65E000B70CC /* PBXContainerItemProxy */ = {
			isa = PBXContainerItemProxy;
			containerPortal = 87A9F3812B8CFE7D00B93A99 /* Project object */;
			proxyType = 1;
			remoteGlobalIDString = 87A9F3982B8CFFE400B93A99;
			remoteInfo = Domain;
		};
		87C87BA82B93D65E000B70CC /* PBXContainerItemProxy */ = {
			isa = PBXContainerItemProxy;
			containerPortal = 87A9F3812B8CFE7D00B93A99 /* Project object */;
			proxyType = 1;
			remoteGlobalIDString = 87CF92A62B90FB16001FBC14;
			remoteInfo = Infra;
		};
		87CF92B02B90FB16001FBC14 /* PBXContainerItemProxy */ = {
			isa = PBXContainerItemProxy;
			containerPortal = 87A9F3812B8CFE7D00B93A99 /* Project object */;
			proxyType = 1;
			remoteGlobalIDString = 87CF92A62B90FB16001FBC14;
			remoteInfo = Infra;
		};
		87CF92BE2B90FBD7001FBC14 /* PBXContainerItemProxy */ = {
			isa = PBXContainerItemProxy;
			containerPortal = 87A9F3812B8CFE7D00B93A99 /* Project object */;
			proxyType = 1;
			remoteGlobalIDString = 87A9F3A82B8D017D00B93A99;
			remoteInfo = Data;
		};
/* End PBXContainerItemProxy section */

/* Begin PBXCopyFilesBuildPhase section */
		879BF3B92B94AE4D003D1A3A /* Embed Frameworks */ = {
			isa = PBXCopyFilesBuildPhase;
			buildActionMask = 2147483647;
			dstPath = "";
			dstSubfolderSpec = 10;
			files = (
				879BF3B62B94AE4D003D1A3A /* Domain.framework in Embed Frameworks */,
			);
			name = "Embed Frameworks";
			runOnlyForDeploymentPostprocessing = 0;
		};
		87A9F3C32B8D019F00B93A99 /* Embed Frameworks */ = {
			isa = PBXCopyFilesBuildPhase;
			buildActionMask = 2147483647;
			dstPath = "";
			dstSubfolderSpec = 10;
			files = (
				87A9F3C02B8D019F00B93A99 /* Domain.framework in Embed Frameworks */,
			);
			name = "Embed Frameworks";
			runOnlyForDeploymentPostprocessing = 0;
		};
		87B0CCEC2B95EFBF0010867E /* Embed Frameworks */ = {
			isa = PBXCopyFilesBuildPhase;
			buildActionMask = 2147483647;
			dstPath = "";
			dstSubfolderSpec = 10;
			files = (
				87B0CCE92B95EFBE0010867E /* Presentation.framework in Embed Frameworks */,
			);
			name = "Embed Frameworks";
			runOnlyForDeploymentPostprocessing = 0;
		};
		87C87BAA2B93D65E000B70CC /* Embed Frameworks */ = {
			isa = PBXCopyFilesBuildPhase;
			buildActionMask = 2147483647;
			dstPath = "";
			dstSubfolderSpec = 10;
			files = (
				87C87BA32B93D65E000B70CC /* Domain.framework in Embed Frameworks */,
				87C87BA72B93D65E000B70CC /* Infra.framework in Embed Frameworks */,
			);
			name = "Embed Frameworks";
			runOnlyForDeploymentPostprocessing = 0;
		};
		87CF92C02B90FBD7001FBC14 /* Embed Frameworks */ = {
			isa = PBXCopyFilesBuildPhase;
			buildActionMask = 2147483647;
			dstPath = "";
			dstSubfolderSpec = 10;
			files = (
				87CF92BD2B90FBD7001FBC14 /* Data.framework in Embed Frameworks */,
			);
			name = "Embed Frameworks";
			runOnlyForDeploymentPostprocessing = 0;
		};
/* End PBXCopyFilesBuildPhase section */

/* Begin PBXFileReference section */
		8771436D2B99DF1C005B1DC1 /* TestExtensions.swift */ = {isa = PBXFileReference; lastKnownFileType = sourcecode.swift; path = TestExtensions.swift; sourceTree = "<group>"; };
		879BF39E2B94A763003D1A3A /* Presentation.framework */ = {isa = PBXFileReference; explicitFileType = wrapper.framework; includeInIndex = 0; path = Presentation.framework; sourceTree = BUILT_PRODUCTS_DIR; };
		879BF3A52B94A764003D1A3A /* PresentationTests.xctest */ = {isa = PBXFileReference; explicitFileType = wrapper.cfbundle; includeInIndex = 0; path = PresentationTests.xctest; sourceTree = BUILT_PRODUCTS_DIR; };
		879BF3AA2B94A764003D1A3A /* SignUpPresenterTests.swift */ = {isa = PBXFileReference; lastKnownFileType = sourcecode.swift; path = SignUpPresenterTests.swift; sourceTree = "<group>"; };
		879BF3B32B94A7E6003D1A3A /* SignUpPresenter.swift */ = {isa = PBXFileReference; lastKnownFileType = sourcecode.swift; path = SignUpPresenter.swift; sourceTree = "<group>"; };
		879BF3BD2B94AF0B003D1A3A /* AlertView.swift */ = {isa = PBXFileReference; lastKnownFileType = sourcecode.swift; path = AlertView.swift; sourceTree = "<group>"; };
		879BF3C22B94B209003D1A3A /* EmailValidator.swift */ = {isa = PBXFileReference; lastKnownFileType = sourcecode.swift; path = EmailValidator.swift; sourceTree = "<group>"; };
		87A5CACD2B9518BC00FD407E /* LoadingView.swift */ = {isa = PBXFileReference; lastKnownFileType = sourcecode.swift; path = LoadingView.swift; sourceTree = "<group>"; };
		87A5CAD02B95250900FD407E /* SignUpViewModel.swift */ = {isa = PBXFileReference; lastKnownFileType = sourcecode.swift; path = SignUpViewModel.swift; sourceTree = "<group>"; };
		87A5CAD22B95255A00FD407E /* SignUpMapper.swift */ = {isa = PBXFileReference; lastKnownFileType = sourcecode.swift; path = SignUpMapper.swift; sourceTree = "<group>"; };
		87A5CAD62B95265D00FD407E /* AlertViewSpy.swift */ = {isa = PBXFileReference; lastKnownFileType = sourcecode.swift; path = AlertViewSpy.swift; sourceTree = "<group>"; };
		87A5CAD92B95268B00FD407E /* EmailValidatorSpy.swift */ = {isa = PBXFileReference; lastKnownFileType = sourcecode.swift; path = EmailValidatorSpy.swift; sourceTree = "<group>"; };
		87A5CADC2B9526C100FD407E /* AddAccountSpy.swift */ = {isa = PBXFileReference; lastKnownFileType = sourcecode.swift; path = AddAccountSpy.swift; sourceTree = "<group>"; };
		87A5CADE2B9526ED00FD407E /* LoadingViewSpy.swift */ = {isa = PBXFileReference; lastKnownFileType = sourcecode.swift; path = LoadingViewSpy.swift; sourceTree = "<group>"; };
		87A5CAE12B95276900FD407E /* TestFactories.swift */ = {isa = PBXFileReference; lastKnownFileType = sourcecode.swift; path = TestFactories.swift; sourceTree = "<group>"; };
		87A9F3992B8CFFE400B93A99 /* Domain.framework */ = {isa = PBXFileReference; explicitFileType = wrapper.framework; includeInIndex = 0; path = Domain.framework; sourceTree = BUILT_PRODUCTS_DIR; };
		87A9F3A02B8D004B00B93A99 /* AddAccountUseCase.swift */ = {isa = PBXFileReference; lastKnownFileType = sourcecode.swift; path = AddAccountUseCase.swift; sourceTree = "<group>"; };
		87A9F3A22B8D010B00B93A99 /* AccountModel.swift */ = {isa = PBXFileReference; lastKnownFileType = sourcecode.swift; path = AccountModel.swift; sourceTree = "<group>"; };
		87A9F3A92B8D017D00B93A99 /* Data.framework */ = {isa = PBXFileReference; explicitFileType = wrapper.framework; includeInIndex = 0; path = Data.framework; sourceTree = BUILT_PRODUCTS_DIR; };
		87A9F3B02B8D017D00B93A99 /* DataTests.xctest */ = {isa = PBXFileReference; explicitFileType = wrapper.cfbundle; includeInIndex = 0; path = DataTests.xctest; sourceTree = BUILT_PRODUCTS_DIR; };
		87A9F3B52B8D017D00B93A99 /* RemoteAddAccountTests.swift */ = {isa = PBXFileReference; lastKnownFileType = sourcecode.swift; path = RemoteAddAccountTests.swift; sourceTree = "<group>"; };
		87ADC1F22B8E711100165FDD /* Model.swift */ = {isa = PBXFileReference; lastKnownFileType = sourcecode.swift; path = Model.swift; sourceTree = "<group>"; };
		87ADC1F42B8E71B800165FDD /* RemoteAddAccount.swift */ = {isa = PBXFileReference; lastKnownFileType = sourcecode.swift; path = RemoteAddAccount.swift; sourceTree = "<group>"; };
		87ADC1FA2B8E727600165FDD /* HttpPostClient.swift */ = {isa = PBXFileReference; lastKnownFileType = sourcecode.swift; path = HttpPostClient.swift; sourceTree = "<group>"; };
		87B0CCCF2B95E6C80010867E /* UI.framework */ = {isa = PBXFileReference; explicitFileType = wrapper.framework; includeInIndex = 0; path = UI.framework; sourceTree = BUILT_PRODUCTS_DIR; };
		87B0CCD62B95E6C80010867E /* UITests.xctest */ = {isa = PBXFileReference; explicitFileType = wrapper.cfbundle; includeInIndex = 0; path = UITests.xctest; sourceTree = BUILT_PRODUCTS_DIR; };
		87B0CCDB2B95E6C80010867E /* SignUpViewControllerTests.swift */ = {isa = PBXFileReference; lastKnownFileType = sourcecode.swift; path = SignUpViewControllerTests.swift; sourceTree = "<group>"; };
		87B0CCE42B95EA5F0010867E /* SignUpViewController.swift */ = {isa = PBXFileReference; lastKnownFileType = sourcecode.swift; path = SignUpViewController.swift; sourceTree = "<group>"; };
		87B0CCE62B95EA840010867E /* SignUp.storyboard */ = {isa = PBXFileReference; lastKnownFileType = file.storyboard; path = SignUp.storyboard; sourceTree = "<group>"; };
		87C87B8B2B93CB49000B70CC /* AlamofireAdapter.swift */ = {isa = PBXFileReference; lastKnownFileType = sourcecode.swift; path = AlamofireAdapter.swift; sourceTree = "<group>"; };
		87C87B8F2B93CBFF000B70CC /* UrlProtocolStub.swift */ = {isa = PBXFileReference; lastKnownFileType = sourcecode.swift; path = UrlProtocolStub.swift; sourceTree = "<group>"; };
		87C87B932B93D242000B70CC /* CITestPlan.xctestplan */ = {isa = PBXFileReference; lastKnownFileType = text; path = CITestPlan.xctestplan; sourceTree = "<group>"; };
		87C87B982B93D64D000B70CC /* UseCasesIntegrationTests.xctest */ = {isa = PBXFileReference; explicitFileType = wrapper.cfbundle; includeInIndex = 0; path = UseCasesIntegrationTests.xctest; sourceTree = BUILT_PRODUCTS_DIR; };
		87C87B9A2B93D64D000B70CC /* AddAccountIntegrationTests.swift */ = {isa = PBXFileReference; lastKnownFileType = sourcecode.swift; path = AddAccountIntegrationTests.swift; sourceTree = "<group>"; };
		87CF92902B90B6D1001FBC14 /* DomainError.swift */ = {isa = PBXFileReference; lastKnownFileType = sourcecode.swift; path = DomainError.swift; sourceTree = "<group>"; };
		87CF92932B90B968001FBC14 /* HttpError.swift */ = {isa = PBXFileReference; lastKnownFileType = sourcecode.swift; path = HttpError.swift; sourceTree = "<group>"; };
		87CF92962B90C9FC001FBC14 /* ExtensionHelpers.swift */ = {isa = PBXFileReference; lastKnownFileType = sourcecode.swift; path = ExtensionHelpers.swift; sourceTree = "<group>"; };
		87CF92992B90F64B001FBC14 /* TestExtensions.swift */ = {isa = PBXFileReference; lastKnownFileType = sourcecode.swift; path = TestExtensions.swift; sourceTree = "<group>"; };
		87CF929B2B90F69A001FBC14 /* TestFactories.swift */ = {isa = PBXFileReference; lastKnownFileType = sourcecode.swift; path = TestFactories.swift; sourceTree = "<group>"; };
		87CF929E2B90F6ED001FBC14 /* HttpClientSpy.swift */ = {isa = PBXFileReference; lastKnownFileType = sourcecode.swift; path = HttpClientSpy.swift; sourceTree = "<group>"; };
		87CF92A02B90F725001FBC14 /* AccountModelFactory.swift */ = {isa = PBXFileReference; lastKnownFileType = sourcecode.swift; path = AccountModelFactory.swift; sourceTree = "<group>"; };
		87CF92A72B90FB16001FBC14 /* Infra.framework */ = {isa = PBXFileReference; explicitFileType = wrapper.framework; includeInIndex = 0; path = Infra.framework; sourceTree = BUILT_PRODUCTS_DIR; };
		87CF92AE2B90FB16001FBC14 /* InfraTests.xctest */ = {isa = PBXFileReference; explicitFileType = wrapper.cfbundle; includeInIndex = 0; path = InfraTests.xctest; sourceTree = BUILT_PRODUCTS_DIR; };
		87CF92B32B90FB16001FBC14 /* AlamoFireAdapterTests.swift */ = {isa = PBXFileReference; lastKnownFileType = sourcecode.swift; path = AlamoFireAdapterTests.swift; sourceTree = "<group>"; };
/* End PBXFileReference section */

/* Begin PBXFrameworksBuildPhase section */
		879BF39B2B94A763003D1A3A /* Frameworks */ = {
			isa = PBXFrameworksBuildPhase;
			buildActionMask = 2147483647;
			files = (
				879BF3B52B94AE4D003D1A3A /* Domain.framework in Frameworks */,
			);
			runOnlyForDeploymentPostprocessing = 0;
		};
		879BF3A22B94A764003D1A3A /* Frameworks */ = {
			isa = PBXFrameworksBuildPhase;
			buildActionMask = 2147483647;
			files = (
				879BF3A62B94A764003D1A3A /* Presentation.framework in Frameworks */,
			);
			runOnlyForDeploymentPostprocessing = 0;
		};
		87A9F3962B8CFFE400B93A99 /* Frameworks */ = {
			isa = PBXFrameworksBuildPhase;
			buildActionMask = 2147483647;
			files = (
			);
			runOnlyForDeploymentPostprocessing = 0;
		};
		87A9F3A62B8D017D00B93A99 /* Frameworks */ = {
			isa = PBXFrameworksBuildPhase;
			buildActionMask = 2147483647;
			files = (
				87A9F3BF2B8D019F00B93A99 /* Domain.framework in Frameworks */,
			);
			runOnlyForDeploymentPostprocessing = 0;
		};
		87A9F3AD2B8D017D00B93A99 /* Frameworks */ = {
			isa = PBXFrameworksBuildPhase;
			buildActionMask = 2147483647;
			files = (
				87A9F3B12B8D017D00B93A99 /* Data.framework in Frameworks */,
			);
			runOnlyForDeploymentPostprocessing = 0;
		};
		87B0CCCC2B95E6C80010867E /* Frameworks */ = {
			isa = PBXFrameworksBuildPhase;
			buildActionMask = 2147483647;
			files = (
				87B0CCE82B95EFBE0010867E /* Presentation.framework in Frameworks */,
			);
			runOnlyForDeploymentPostprocessing = 0;
		};
		87B0CCD32B95E6C80010867E /* Frameworks */ = {
			isa = PBXFrameworksBuildPhase;
			buildActionMask = 2147483647;
			files = (
				87B0CCD72B95E6C80010867E /* UI.framework in Frameworks */,
			);
			runOnlyForDeploymentPostprocessing = 0;
		};
		87C87B952B93D64D000B70CC /* Frameworks */ = {
			isa = PBXFrameworksBuildPhase;
			buildActionMask = 2147483647;
			files = (
				87C87BA22B93D65E000B70CC /* Domain.framework in Frameworks */,
				87C87B9C2B93D64D000B70CC /* Data.framework in Frameworks */,
				87C87BA62B93D65E000B70CC /* Infra.framework in Frameworks */,
			);
			runOnlyForDeploymentPostprocessing = 0;
		};
		87CF92A42B90FB16001FBC14 /* Frameworks */ = {
			isa = PBXFrameworksBuildPhase;
			buildActionMask = 2147483647;
			files = (
				87CF92BC2B90FBD7001FBC14 /* Data.framework in Frameworks */,
				87CF92C52B90FC89001FBC14 /* Alamofire in Frameworks */,
			);
			runOnlyForDeploymentPostprocessing = 0;
		};
		87CF92AB2B90FB16001FBC14 /* Frameworks */ = {
			isa = PBXFrameworksBuildPhase;
			buildActionMask = 2147483647;
			files = (
				87CF92AF2B90FB16001FBC14 /* Infra.framework in Frameworks */,
			);
			runOnlyForDeploymentPostprocessing = 0;
		};
/* End PBXFrameworksBuildPhase section */

/* Begin PBXGroup section */
		8771436A2B99DE8D005B1DC1 /* Scenes */ = {
			isa = PBXGroup;
			children = (
				8771436B2B99DEBF005B1DC1 /* SignUp */,
				87B0CCE42B95EA5F0010867E /* SignUpViewController.swift */,
				87B0CCE62B95EA840010867E /* SignUp.storyboard */,
			);
			path = Scenes;
			sourceTree = "<group>";
		};
		8771436B2B99DEBF005B1DC1 /* SignUp */ = {
			isa = PBXGroup;
			children = (
			);
			path = SignUp;
			sourceTree = "<group>";
		};
		8771436C2B99DF14005B1DC1 /* Helpers */ = {
			isa = PBXGroup;
			children = (
				8771436D2B99DF1C005B1DC1 /* TestExtensions.swift */,
			);
			path = Helpers;
			sourceTree = "<group>";
		};
		879BF39F2B94A763003D1A3A /* Presentation */ = {
			isa = PBXGroup;
			children = (
				879BF3BC2B94AEF9003D1A3A /* Views */,
				879BF3C12B94B1FA003D1A3A /* Validators */,
				879BF3BF2B94AF35003D1A3A /* Presenters */,
			);
			path = Presentation;
			sourceTree = "<group>";
		};
		879BF3A92B94A764003D1A3A /* PresentationTests */ = {
			isa = PBXGroup;
			children = (
				87A5CAE02B95276200FD407E /* Helpers */,
				87A5CADB2B9526B300FD407E /* UseCases */,
				87A5CAD82B95268300FD407E /* Validators */,
				87A5CAD52B95265500FD407E /* Views */,
				879BF3C02B94AFE3003D1A3A /* Presenters */,
			);
			path = PresentationTests;
			sourceTree = "<group>";
		};
		879BF3BC2B94AEF9003D1A3A /* Views */ = {
			isa = PBXGroup;
			children = (
				879BF3BD2B94AF0B003D1A3A /* AlertView.swift */,
				87A5CACD2B9518BC00FD407E /* LoadingView.swift */,
			);
			path = Views;
			sourceTree = "<group>";
		};
		879BF3BF2B94AF35003D1A3A /* Presenters */ = {
			isa = PBXGroup;
			children = (
				87A5CACF2B9524FF00FD407E /* SignUp */,
			);
			path = Presenters;
			sourceTree = "<group>";
		};
		879BF3C02B94AFE3003D1A3A /* Presenters */ = {
			isa = PBXGroup;
			children = (
				87A5CAD42B95261A00FD407E /* SignUp */,
				879BF3AA2B94A764003D1A3A /* SignUpPresenterTests.swift */,
			);
			path = Presenters;
			sourceTree = "<group>";
		};
		879BF3C12B94B1FA003D1A3A /* Validators */ = {
			isa = PBXGroup;
			children = (
				879BF3C22B94B209003D1A3A /* EmailValidator.swift */,
			);
			path = Validators;
			sourceTree = "<group>";
		};
		87A5CACF2B9524FF00FD407E /* SignUp */ = {
			isa = PBXGroup;
			children = (
				879BF3B32B94A7E6003D1A3A /* SignUpPresenter.swift */,
				87A5CAD02B95250900FD407E /* SignUpViewModel.swift */,
				87A5CAD22B95255A00FD407E /* SignUpMapper.swift */,
			);
			path = SignUp;
			sourceTree = "<group>";
		};
		87A5CAD42B95261A00FD407E /* SignUp */ = {
			isa = PBXGroup;
			children = (
			);
			path = SignUp;
			sourceTree = "<group>";
		};
		87A5CAD52B95265500FD407E /* Views */ = {
			isa = PBXGroup;
			children = (
				87A5CAD62B95265D00FD407E /* AlertViewSpy.swift */,
				87A5CADE2B9526ED00FD407E /* LoadingViewSpy.swift */,
			);
			path = Views;
			sourceTree = "<group>";
		};
		87A5CAD82B95268300FD407E /* Validators */ = {
			isa = PBXGroup;
			children = (
				87A5CAD92B95268B00FD407E /* EmailValidatorSpy.swift */,
			);
			path = Validators;
			sourceTree = "<group>";
		};
		87A5CADB2B9526B300FD407E /* UseCases */ = {
			isa = PBXGroup;
			children = (
				87A5CADC2B9526C100FD407E /* AddAccountSpy.swift */,
			);
			path = UseCases;
			sourceTree = "<group>";
		};
		87A5CAE02B95276200FD407E /* Helpers */ = {
			isa = PBXGroup;
			children = (
				87A5CAE12B95276900FD407E /* TestFactories.swift */,
			);
			path = Helpers;
			sourceTree = "<group>";
		};
		87A9F3802B8CFE7D00B93A99 = {
			isa = PBXGroup;
			children = (
				87C87B932B93D242000B70CC /* CITestPlan.xctestplan */,
				87A9F39A2B8CFFE400B93A99 /* Domain */,
				87A9F3AA2B8D017D00B93A99 /* Data */,
				87A9F3B42B8D017D00B93A99 /* DataTests */,
				87CF92A82B90FB16001FBC14 /* Infra */,
				87CF92B22B90FB16001FBC14 /* InfraTests */,
				87C87B992B93D64D000B70CC /* UseCasesIntegrationTests */,
				879BF39F2B94A763003D1A3A /* Presentation */,
				879BF3A92B94A764003D1A3A /* PresentationTests */,
				87B0CCD02B95E6C80010867E /* UI */,
				87B0CCDA2B95E6C80010867E /* UITests */,
				87A9F38B2B8CFE7D00B93A99 /* Products */,
				87A9F3BE2B8D019F00B93A99 /* Frameworks */,
			);
			sourceTree = "<group>";
		};
		87A9F38B2B8CFE7D00B93A99 /* Products */ = {
			isa = PBXGroup;
			children = (
				87A9F3992B8CFFE400B93A99 /* Domain.framework */,
				87A9F3A92B8D017D00B93A99 /* Data.framework */,
				87A9F3B02B8D017D00B93A99 /* DataTests.xctest */,
				87CF92A72B90FB16001FBC14 /* Infra.framework */,
				87CF92AE2B90FB16001FBC14 /* InfraTests.xctest */,
				87C87B982B93D64D000B70CC /* UseCasesIntegrationTests.xctest */,
				879BF39E2B94A763003D1A3A /* Presentation.framework */,
				879BF3A52B94A764003D1A3A /* PresentationTests.xctest */,
				87B0CCCF2B95E6C80010867E /* UI.framework */,
				87B0CCD62B95E6C80010867E /* UITests.xctest */,
			);
			name = Products;
			sourceTree = "<group>";
		};
		87A9F39A2B8CFFE400B93A99 /* Domain */ = {
			isa = PBXGroup;
			children = (
				87CF928F2B90B6C6001FBC14 /* Errors */,
				87ADC1F62B8E723D00165FDD /* UseCases */,
				87ADC1F72B8E724700165FDD /* Models */,
			);
			path = Domain;
			sourceTree = "<group>";
		};
		87A9F3AA2B8D017D00B93A99 /* Data */ = {
			isa = PBXGroup;
			children = (
				87CF92952B90C9ED001FBC14 /* Helpers */,
				87ADC1F82B8E725800165FDD /* UseCases */,
				87ADC1F92B8E726700165FDD /* Http */,
			);
			path = Data;
			sourceTree = "<group>";
		};
		87A9F3B42B8D017D00B93A99 /* DataTests */ = {
			isa = PBXGroup;
			children = (
				87CF929D2B90F6E2001FBC14 /* Http */,
				87CF92982B90F631001FBC14 /* Helpers */,
				87ADC1FC2B8E728E00165FDD /* UseCases */,
			);
			path = DataTests;
			sourceTree = "<group>";
		};
		87A9F3BE2B8D019F00B93A99 /* Frameworks */ = {
			isa = PBXGroup;
			children = (
			);
			name = Frameworks;
			sourceTree = "<group>";
		};
		87ADC1F62B8E723D00165FDD /* UseCases */ = {
			isa = PBXGroup;
			children = (
				87A9F3A02B8D004B00B93A99 /* AddAccountUseCase.swift */,
			);
			path = UseCases;
			sourceTree = "<group>";
		};
		87ADC1F72B8E724700165FDD /* Models */ = {
			isa = PBXGroup;
			children = (
				87A9F3A22B8D010B00B93A99 /* AccountModel.swift */,
				87ADC1F22B8E711100165FDD /* Model.swift */,
			);
			path = Models;
			sourceTree = "<group>";
		};
		87ADC1F82B8E725800165FDD /* UseCases */ = {
			isa = PBXGroup;
			children = (
				87ADC1F42B8E71B800165FDD /* RemoteAddAccount.swift */,
			);
			path = UseCases;
			sourceTree = "<group>";
		};
		87ADC1F92B8E726700165FDD /* Http */ = {
			isa = PBXGroup;
			children = (
				87ADC1FA2B8E727600165FDD /* HttpPostClient.swift */,
				87CF92932B90B968001FBC14 /* HttpError.swift */,
			);
			path = Http;
			sourceTree = "<group>";
		};
		87ADC1FC2B8E728E00165FDD /* UseCases */ = {
			isa = PBXGroup;
			children = (
				87A9F3B52B8D017D00B93A99 /* RemoteAddAccountTests.swift */,
			);
			path = UseCases;
			sourceTree = "<group>";
		};
		87B0CCD02B95E6C80010867E /* UI */ = {
			isa = PBXGroup;
			children = (
				8771436A2B99DE8D005B1DC1 /* Scenes */,
			);
			path = UI;
			sourceTree = "<group>";
		};
		87B0CCDA2B95E6C80010867E /* UITests */ = {
			isa = PBXGroup;
			children = (
				8771436C2B99DF14005B1DC1 /* Helpers */,
				87B0CCDB2B95E6C80010867E /* SignUpViewControllerTests.swift */,
			);
			path = UITests;
			sourceTree = "<group>";
		};
		87C87B8D2B93CB87000B70CC /* Http */ = {
			isa = PBXGroup;
			children = (
				87C87B8B2B93CB49000B70CC /* AlamofireAdapter.swift */,
			);
			path = Http;
			sourceTree = "<group>";
		};
		87C87B8E2B93CBEF000B70CC /* Http */ = {
			isa = PBXGroup;
			children = (
				87C87B8F2B93CBFF000B70CC /* UrlProtocolStub.swift */,
			);
			path = Http;
			sourceTree = "<group>";
		};
		87C87B992B93D64D000B70CC /* UseCasesIntegrationTests */ = {
			isa = PBXGroup;
			children = (
				87C87B9A2B93D64D000B70CC /* AddAccountIntegrationTests.swift */,
			);
			path = UseCasesIntegrationTests;
			sourceTree = "<group>";
		};
		87CF928F2B90B6C6001FBC14 /* Errors */ = {
			isa = PBXGroup;
			children = (
				87CF92902B90B6D1001FBC14 /* DomainError.swift */,
			);
			path = Errors;
			sourceTree = "<group>";
		};
		87CF92952B90C9ED001FBC14 /* Helpers */ = {
			isa = PBXGroup;
			children = (
				87CF92962B90C9FC001FBC14 /* ExtensionHelpers.swift */,
			);
			path = Helpers;
			sourceTree = "<group>";
		};
		87CF92982B90F631001FBC14 /* Helpers */ = {
			isa = PBXGroup;
			children = (
				87CF92992B90F64B001FBC14 /* TestExtensions.swift */,
				87CF929B2B90F69A001FBC14 /* TestFactories.swift */,
				87CF92A02B90F725001FBC14 /* AccountModelFactory.swift */,
			);
			path = Helpers;
			sourceTree = "<group>";
		};
		87CF929D2B90F6E2001FBC14 /* Http */ = {
			isa = PBXGroup;
			children = (
				87CF929E2B90F6ED001FBC14 /* HttpClientSpy.swift */,
			);
			path = Http;
			sourceTree = "<group>";
		};
		87CF92A82B90FB16001FBC14 /* Infra */ = {
			isa = PBXGroup;
			children = (
				87C87B8D2B93CB87000B70CC /* Http */,
			);
			path = Infra;
			sourceTree = "<group>";
		};
		87CF92B22B90FB16001FBC14 /* InfraTests */ = {
			isa = PBXGroup;
			children = (
				87C87B8E2B93CBEF000B70CC /* Http */,
				87CF92B32B90FB16001FBC14 /* AlamoFireAdapterTests.swift */,
			);
			path = InfraTests;
			sourceTree = "<group>";
		};
/* End PBXGroup section */

/* Begin PBXHeadersBuildPhase section */
		879BF3992B94A763003D1A3A /* Headers */ = {
			isa = PBXHeadersBuildPhase;
			buildActionMask = 2147483647;
			files = (
			);
			runOnlyForDeploymentPostprocessing = 0;
		};
		87A9F3942B8CFFE400B93A99 /* Headers */ = {
			isa = PBXHeadersBuildPhase;
			buildActionMask = 2147483647;
			files = (
			);
			runOnlyForDeploymentPostprocessing = 0;
		};
		87A9F3A42B8D017D00B93A99 /* Headers */ = {
			isa = PBXHeadersBuildPhase;
			buildActionMask = 2147483647;
			files = (
			);
			runOnlyForDeploymentPostprocessing = 0;
		};
		87B0CCCA2B95E6C80010867E /* Headers */ = {
			isa = PBXHeadersBuildPhase;
			buildActionMask = 2147483647;
			files = (
			);
			runOnlyForDeploymentPostprocessing = 0;
		};
		87CF92A22B90FB16001FBC14 /* Headers */ = {
			isa = PBXHeadersBuildPhase;
			buildActionMask = 2147483647;
			files = (
			);
			runOnlyForDeploymentPostprocessing = 0;
		};
/* End PBXHeadersBuildPhase section */

/* Begin PBXNativeTarget section */
		879BF39D2B94A763003D1A3A /* Presentation */ = {
			isa = PBXNativeTarget;
			buildConfigurationList = 879BF3B12B94A764003D1A3A /* Build configuration list for PBXNativeTarget "Presentation" */;
			buildPhases = (
				879BF3992B94A763003D1A3A /* Headers */,
				879BF39A2B94A763003D1A3A /* Sources */,
				879BF39B2B94A763003D1A3A /* Frameworks */,
				879BF39C2B94A763003D1A3A /* Resources */,
				879BF3B92B94AE4D003D1A3A /* Embed Frameworks */,
			);
			buildRules = (
			);
			dependencies = (
				879BF3B82B94AE4D003D1A3A /* PBXTargetDependency */,
			);
			name = Presentation;
			productName = Presentation;
			productReference = 879BF39E2B94A763003D1A3A /* Presentation.framework */;
			productType = "com.apple.product-type.framework";
		};
		879BF3A42B94A764003D1A3A /* PresentationTests */ = {
			isa = PBXNativeTarget;
			buildConfigurationList = 879BF3B22B94A764003D1A3A /* Build configuration list for PBXNativeTarget "PresentationTests" */;
			buildPhases = (
				879BF3A12B94A764003D1A3A /* Sources */,
				879BF3A22B94A764003D1A3A /* Frameworks */,
				879BF3A32B94A764003D1A3A /* Resources */,
			);
			buildRules = (
			);
			dependencies = (
				879BF3A82B94A764003D1A3A /* PBXTargetDependency */,
			);
			name = PresentationTests;
			productName = PresentationTests;
			productReference = 879BF3A52B94A764003D1A3A /* PresentationTests.xctest */;
			productType = "com.apple.product-type.bundle.unit-test";
		};
		87A9F3982B8CFFE400B93A99 /* Domain */ = {
			isa = PBXNativeTarget;
			buildConfigurationList = 87A9F39D2B8CFFE400B93A99 /* Build configuration list for PBXNativeTarget "Domain" */;
			buildPhases = (
				87A9F3942B8CFFE400B93A99 /* Headers */,
				87A9F3952B8CFFE400B93A99 /* Sources */,
				87A9F3962B8CFFE400B93A99 /* Frameworks */,
				87A9F3972B8CFFE400B93A99 /* Resources */,
			);
			buildRules = (
			);
			dependencies = (
			);
			name = Domain;
			productName = Domain;
			productReference = 87A9F3992B8CFFE400B93A99 /* Domain.framework */;
			productType = "com.apple.product-type.framework";
		};
		87A9F3A82B8D017D00B93A99 /* Data */ = {
			isa = PBXNativeTarget;
			buildConfigurationList = 87A9F3B82B8D017D00B93A99 /* Build configuration list for PBXNativeTarget "Data" */;
			buildPhases = (
				87A9F3A42B8D017D00B93A99 /* Headers */,
				87A9F3A52B8D017D00B93A99 /* Sources */,
				87A9F3A62B8D017D00B93A99 /* Frameworks */,
				87A9F3A72B8D017D00B93A99 /* Resources */,
				87A9F3C32B8D019F00B93A99 /* Embed Frameworks */,
			);
			buildRules = (
			);
			dependencies = (
				87A9F3C22B8D019F00B93A99 /* PBXTargetDependency */,
			);
			name = Data;
			productName = Data;
			productReference = 87A9F3A92B8D017D00B93A99 /* Data.framework */;
			productType = "com.apple.product-type.framework";
		};
		87A9F3AF2B8D017D00B93A99 /* DataTests */ = {
			isa = PBXNativeTarget;
			buildConfigurationList = 87A9F3BB2B8D017D00B93A99 /* Build configuration list for PBXNativeTarget "DataTests" */;
			buildPhases = (
				87A9F3AC2B8D017D00B93A99 /* Sources */,
				87A9F3AD2B8D017D00B93A99 /* Frameworks */,
				87A9F3AE2B8D017D00B93A99 /* Resources */,
			);
			buildRules = (
			);
			dependencies = (
				87A9F3B32B8D017D00B93A99 /* PBXTargetDependency */,
			);
			name = DataTests;
			productName = DataTests;
			productReference = 87A9F3B02B8D017D00B93A99 /* DataTests.xctest */;
			productType = "com.apple.product-type.bundle.unit-test";
		};
		87B0CCCE2B95E6C80010867E /* UI */ = {
			isa = PBXNativeTarget;
			buildConfigurationList = 87B0CCE22B95E6C90010867E /* Build configuration list for PBXNativeTarget "UI" */;
			buildPhases = (
				87B0CCCA2B95E6C80010867E /* Headers */,
				87B0CCCB2B95E6C80010867E /* Sources */,
				87B0CCCC2B95E6C80010867E /* Frameworks */,
				87B0CCCD2B95E6C80010867E /* Resources */,
				87B0CCEC2B95EFBF0010867E /* Embed Frameworks */,
			);
			buildRules = (
			);
			dependencies = (
				87B0CCEB2B95EFBE0010867E /* PBXTargetDependency */,
			);
			name = UI;
			productName = UI;
			productReference = 87B0CCCF2B95E6C80010867E /* UI.framework */;
			productType = "com.apple.product-type.framework";
		};
		87B0CCD52B95E6C80010867E /* UITests */ = {
			isa = PBXNativeTarget;
			buildConfigurationList = 87B0CCE32B95E6C90010867E /* Build configuration list for PBXNativeTarget "UITests" */;
			buildPhases = (
				87B0CCD22B95E6C80010867E /* Sources */,
				87B0CCD32B95E6C80010867E /* Frameworks */,
				87B0CCD42B95E6C80010867E /* Resources */,
			);
			buildRules = (
			);
			dependencies = (
				87B0CCD92B95E6C80010867E /* PBXTargetDependency */,
			);
			name = UITests;
			productName = UITests;
			productReference = 87B0CCD62B95E6C80010867E /* UITests.xctest */;
			productType = "com.apple.product-type.bundle.unit-test";
		};
		87C87B972B93D64D000B70CC /* UseCasesIntegrationTests */ = {
			isa = PBXNativeTarget;
			buildConfigurationList = 87C87B9F2B93D64D000B70CC /* Build configuration list for PBXNativeTarget "UseCasesIntegrationTests" */;
			buildPhases = (
				87C87B942B93D64D000B70CC /* Sources */,
				87C87B952B93D64D000B70CC /* Frameworks */,
				87C87B962B93D64D000B70CC /* Resources */,
				87C87BAA2B93D65E000B70CC /* Embed Frameworks */,
			);
			buildRules = (
			);
			dependencies = (
				87C87B9E2B93D64D000B70CC /* PBXTargetDependency */,
				87C87BA52B93D65E000B70CC /* PBXTargetDependency */,
				87C87BA92B93D65E000B70CC /* PBXTargetDependency */,
			);
			name = UseCasesIntegrationTests;
			productName = UseCasesIntegrationTests;
			productReference = 87C87B982B93D64D000B70CC /* UseCasesIntegrationTests.xctest */;
			productType = "com.apple.product-type.bundle.unit-test";
		};
		87CF92A62B90FB16001FBC14 /* Infra */ = {
			isa = PBXNativeTarget;
			buildConfigurationList = 87CF92B62B90FB16001FBC14 /* Build configuration list for PBXNativeTarget "Infra" */;
			buildPhases = (
				87CF92A22B90FB16001FBC14 /* Headers */,
				87CF92A32B90FB16001FBC14 /* Sources */,
				87CF92A42B90FB16001FBC14 /* Frameworks */,
				87CF92A52B90FB16001FBC14 /* Resources */,
				87CF92C02B90FBD7001FBC14 /* Embed Frameworks */,
			);
			buildRules = (
			);
			dependencies = (
				87CF92BF2B90FBD7001FBC14 /* PBXTargetDependency */,
			);
			name = Infra;
			packageProductDependencies = (
				87CF92C42B90FC89001FBC14 /* Alamofire */,
			);
			productName = Infra;
			productReference = 87CF92A72B90FB16001FBC14 /* Infra.framework */;
			productType = "com.apple.product-type.framework";
		};
		87CF92AD2B90FB16001FBC14 /* InfraTests */ = {
			isa = PBXNativeTarget;
			buildConfigurationList = 87CF92B92B90FB16001FBC14 /* Build configuration list for PBXNativeTarget "InfraTests" */;
			buildPhases = (
				87CF92AA2B90FB16001FBC14 /* Sources */,
				87CF92AB2B90FB16001FBC14 /* Frameworks */,
				87CF92AC2B90FB16001FBC14 /* Resources */,
			);
			buildRules = (
			);
			dependencies = (
				87CF92B12B90FB16001FBC14 /* PBXTargetDependency */,
			);
			name = InfraTests;
			productName = InfraTests;
			productReference = 87CF92AE2B90FB16001FBC14 /* InfraTests.xctest */;
			productType = "com.apple.product-type.bundle.unit-test";
		};
/* End PBXNativeTarget section */

/* Begin PBXProject section */
		87A9F3812B8CFE7D00B93A99 /* Project object */ = {
			isa = PBXProject;
			attributes = {
				BuildIndependentTargetsInParallel = 1;
				LastSwiftUpdateCheck = 1520;
				LastUpgradeCheck = 1520;
				TargetAttributes = {
					879BF39D2B94A763003D1A3A = {
						CreatedOnToolsVersion = 15.2;
						LastSwiftMigration = 1520;
					};
					879BF3A42B94A764003D1A3A = {
						CreatedOnToolsVersion = 15.2;
					};
					87A9F3982B8CFFE400B93A99 = {
						CreatedOnToolsVersion = 15.2;
						LastSwiftMigration = 1520;
					};
					87A9F3A82B8D017D00B93A99 = {
						CreatedOnToolsVersion = 15.2;
						LastSwiftMigration = 1520;
					};
					87A9F3AF2B8D017D00B93A99 = {
						CreatedOnToolsVersion = 15.2;
					};
					87B0CCCE2B95E6C80010867E = {
						CreatedOnToolsVersion = 15.2;
						LastSwiftMigration = 1520;
					};
					87B0CCD52B95E6C80010867E = {
						CreatedOnToolsVersion = 15.2;
					};
					87C87B972B93D64D000B70CC = {
						CreatedOnToolsVersion = 15.2;
					};
					87CF92A62B90FB16001FBC14 = {
						CreatedOnToolsVersion = 15.2;
						LastSwiftMigration = 1520;
					};
					87CF92AD2B90FB16001FBC14 = {
						CreatedOnToolsVersion = 15.2;
					};
				};
			};
			buildConfigurationList = 87A9F3842B8CFE7D00B93A99 /* Build configuration list for PBXProject "CleanApp" */;
			compatibilityVersion = "Xcode 14.0";
			developmentRegion = en;
			hasScannedForEncodings = 0;
			knownRegions = (
				en,
				Base,
			);
			mainGroup = 87A9F3802B8CFE7D00B93A99;
			packageReferences = (
				87CF92C32B90FC89001FBC14 /* XCRemoteSwiftPackageReference "Alamofire" */,
			);
			productRefGroup = 87A9F38B2B8CFE7D00B93A99 /* Products */;
			projectDirPath = "";
			projectRoot = "";
			targets = (
				87A9F3982B8CFFE400B93A99 /* Domain */,
				87A9F3A82B8D017D00B93A99 /* Data */,
				87A9F3AF2B8D017D00B93A99 /* DataTests */,
				87CF92A62B90FB16001FBC14 /* Infra */,
				87CF92AD2B90FB16001FBC14 /* InfraTests */,
				87C87B972B93D64D000B70CC /* UseCasesIntegrationTests */,
				879BF39D2B94A763003D1A3A /* Presentation */,
				879BF3A42B94A764003D1A3A /* PresentationTests */,
				87B0CCCE2B95E6C80010867E /* UI */,
				87B0CCD52B95E6C80010867E /* UITests */,
			);
		};
/* End PBXProject section */

/* Begin PBXResourcesBuildPhase section */
		879BF39C2B94A763003D1A3A /* Resources */ = {
			isa = PBXResourcesBuildPhase;
			buildActionMask = 2147483647;
			files = (
			);
			runOnlyForDeploymentPostprocessing = 0;
		};
		879BF3A32B94A764003D1A3A /* Resources */ = {
			isa = PBXResourcesBuildPhase;
			buildActionMask = 2147483647;
			files = (
			);
			runOnlyForDeploymentPostprocessing = 0;
		};
		87A9F3972B8CFFE400B93A99 /* Resources */ = {
			isa = PBXResourcesBuildPhase;
			buildActionMask = 2147483647;
			files = (
			);
			runOnlyForDeploymentPostprocessing = 0;
		};
		87A9F3A72B8D017D00B93A99 /* Resources */ = {
			isa = PBXResourcesBuildPhase;
			buildActionMask = 2147483647;
			files = (
			);
			runOnlyForDeploymentPostprocessing = 0;
		};
		87A9F3AE2B8D017D00B93A99 /* Resources */ = {
			isa = PBXResourcesBuildPhase;
			buildActionMask = 2147483647;
			files = (
			);
			runOnlyForDeploymentPostprocessing = 0;
		};
		87B0CCCD2B95E6C80010867E /* Resources */ = {
			isa = PBXResourcesBuildPhase;
			buildActionMask = 2147483647;
			files = (
				87B0CCE72B95EA840010867E /* SignUp.storyboard in Resources */,
			);
			runOnlyForDeploymentPostprocessing = 0;
		};
		87B0CCD42B95E6C80010867E /* Resources */ = {
			isa = PBXResourcesBuildPhase;
			buildActionMask = 2147483647;
			files = (
			);
			runOnlyForDeploymentPostprocessing = 0;
		};
		87C87B962B93D64D000B70CC /* Resources */ = {
			isa = PBXResourcesBuildPhase;
			buildActionMask = 2147483647;
			files = (
			);
			runOnlyForDeploymentPostprocessing = 0;
		};
		87CF92A52B90FB16001FBC14 /* Resources */ = {
			isa = PBXResourcesBuildPhase;
			buildActionMask = 2147483647;
			files = (
			);
			runOnlyForDeploymentPostprocessing = 0;
		};
		87CF92AC2B90FB16001FBC14 /* Resources */ = {
			isa = PBXResourcesBuildPhase;
			buildActionMask = 2147483647;
			files = (
			);
			runOnlyForDeploymentPostprocessing = 0;
		};
/* End PBXResourcesBuildPhase section */

/* Begin PBXSourcesBuildPhase section */
		879BF39A2B94A763003D1A3A /* Sources */ = {
			isa = PBXSourcesBuildPhase;
			buildActionMask = 2147483647;
			files = (
				87A5CAD32B95255A00FD407E /* SignUpMapper.swift in Sources */,
				879BF3B42B94A7E6003D1A3A /* SignUpPresenter.swift in Sources */,
				87A5CACE2B9518BC00FD407E /* LoadingView.swift in Sources */,
				87A5CAD12B95250900FD407E /* SignUpViewModel.swift in Sources */,
				879BF3BE2B94AF0B003D1A3A /* AlertView.swift in Sources */,
				879BF3C32B94B209003D1A3A /* EmailValidator.swift in Sources */,
			);
			runOnlyForDeploymentPostprocessing = 0;
		};
		879BF3A12B94A764003D1A3A /* Sources */ = {
			isa = PBXSourcesBuildPhase;
			buildActionMask = 2147483647;
			files = (
				87A5CADF2B9526ED00FD407E /* LoadingViewSpy.swift in Sources */,
				87A5CADD2B9526C100FD407E /* AddAccountSpy.swift in Sources */,
				87A5CAD72B95265D00FD407E /* AlertViewSpy.swift in Sources */,
				87A5CACB2B950C7D00FD407E /* AccountModelFactory.swift in Sources */,
				87A5CADA2B95268B00FD407E /* EmailValidatorSpy.swift in Sources */,
				87A5CACC2B95173100FD407E /* TestExtensions.swift in Sources */,
				87A5CAE22B95276900FD407E /* TestFactories.swift in Sources */,
				879BF3AB2B94A764003D1A3A /* SignUpPresenterTests.swift in Sources */,
			);
			runOnlyForDeploymentPostprocessing = 0;
		};
		87A9F3952B8CFFE400B93A99 /* Sources */ = {
			isa = PBXSourcesBuildPhase;
			buildActionMask = 2147483647;
			files = (
				87ADC1F32B8E711100165FDD /* Model.swift in Sources */,
				87A9F3A12B8D004B00B93A99 /* AddAccountUseCase.swift in Sources */,
				87CF92912B90B6D1001FBC14 /* DomainError.swift in Sources */,
				87A9F3A32B8D010B00B93A99 /* AccountModel.swift in Sources */,
			);
			runOnlyForDeploymentPostprocessing = 0;
		};
		87A9F3A52B8D017D00B93A99 /* Sources */ = {
			isa = PBXSourcesBuildPhase;
			buildActionMask = 2147483647;
			files = (
				87ADC1FB2B8E727600165FDD /* HttpPostClient.swift in Sources */,
				87CF92972B90C9FC001FBC14 /* ExtensionHelpers.swift in Sources */,
				87CF92942B90B968001FBC14 /* HttpError.swift in Sources */,
				87ADC1F52B8E71B800165FDD /* RemoteAddAccount.swift in Sources */,
			);
			runOnlyForDeploymentPostprocessing = 0;
		};
		87A9F3AC2B8D017D00B93A99 /* Sources */ = {
			isa = PBXSourcesBuildPhase;
			buildActionMask = 2147483647;
			files = (
				87CF929C2B90F69A001FBC14 /* TestFactories.swift in Sources */,
				87CF929F2B90F6ED001FBC14 /* HttpClientSpy.swift in Sources */,
				87A9F3B62B8D017D00B93A99 /* RemoteAddAccountTests.swift in Sources */,
				87CF92A12B90F725001FBC14 /* AccountModelFactory.swift in Sources */,
				87CF929A2B90F64B001FBC14 /* TestExtensions.swift in Sources */,
			);
			runOnlyForDeploymentPostprocessing = 0;
		};
		87B0CCCB2B95E6C80010867E /* Sources */ = {
			isa = PBXSourcesBuildPhase;
			buildActionMask = 2147483647;
			files = (
				87B0CCE52B95EA5F0010867E /* SignUpViewController.swift in Sources */,
			);
			runOnlyForDeploymentPostprocessing = 0;
		};
		87B0CCD22B95E6C80010867E /* Sources */ = {
			isa = PBXSourcesBuildPhase;
			buildActionMask = 2147483647;
			files = (
				87B0CCDC2B95E6C80010867E /* SignUpViewControllerTests.swift in Sources */,
				8771436E2B99DF1C005B1DC1 /* TestExtensions.swift in Sources */,
			);
			runOnlyForDeploymentPostprocessing = 0;
		};
		87C87B942B93D64D000B70CC /* Sources */ = {
			isa = PBXSourcesBuildPhase;
			buildActionMask = 2147483647;
			files = (
				87C87B9B2B93D64D000B70CC /* AddAccountIntegrationTests.swift in Sources */,
			);
			runOnlyForDeploymentPostprocessing = 0;
		};
		87CF92A32B90FB16001FBC14 /* Sources */ = {
			isa = PBXSourcesBuildPhase;
			buildActionMask = 2147483647;
			files = (
				87C87B8C2B93CB49000B70CC /* AlamofireAdapter.swift in Sources */,
			);
			runOnlyForDeploymentPostprocessing = 0;
		};
		87CF92AA2B90FB16001FBC14 /* Sources */ = {
			isa = PBXSourcesBuildPhase;
			buildActionMask = 2147483647;
			files = (
				87CF92C22B90FC04001FBC14 /* TestFactories.swift in Sources */,
				87CF92B42B90FB16001FBC14 /* AlamoFireAdapterTests.swift in Sources */,
				87CF92C12B90FBF9001FBC14 /* TestExtensions.swift in Sources */,
				87C87B902B93CBFF000B70CC /* UrlProtocolStub.swift in Sources */,
			);
			runOnlyForDeploymentPostprocessing = 0;
		};
/* End PBXSourcesBuildPhase section */

/* Begin PBXTargetDependency section */
		879BF3A82B94A764003D1A3A /* PBXTargetDependency */ = {
			isa = PBXTargetDependency;
			target = 879BF39D2B94A763003D1A3A /* Presentation */;
			targetProxy = 879BF3A72B94A764003D1A3A /* PBXContainerItemProxy */;
		};
		879BF3B82B94AE4D003D1A3A /* PBXTargetDependency */ = {
			isa = PBXTargetDependency;
			target = 87A9F3982B8CFFE400B93A99 /* Domain */;
			targetProxy = 879BF3B72B94AE4D003D1A3A /* PBXContainerItemProxy */;
		};
		87A9F3B32B8D017D00B93A99 /* PBXTargetDependency */ = {
			isa = PBXTargetDependency;
			target = 87A9F3A82B8D017D00B93A99 /* Data */;
			targetProxy = 87A9F3B22B8D017D00B93A99 /* PBXContainerItemProxy */;
		};
		87A9F3C22B8D019F00B93A99 /* PBXTargetDependency */ = {
			isa = PBXTargetDependency;
			target = 87A9F3982B8CFFE400B93A99 /* Domain */;
			targetProxy = 87A9F3C12B8D019F00B93A99 /* PBXContainerItemProxy */;
		};
		87B0CCD92B95E6C80010867E /* PBXTargetDependency */ = {
			isa = PBXTargetDependency;
			target = 87B0CCCE2B95E6C80010867E /* UI */;
			targetProxy = 87B0CCD82B95E6C80010867E /* PBXContainerItemProxy */;
		};
		87B0CCEB2B95EFBE0010867E /* PBXTargetDependency */ = {
			isa = PBXTargetDependency;
			target = 879BF39D2B94A763003D1A3A /* Presentation */;
			targetProxy = 87B0CCEA2B95EFBE0010867E /* PBXContainerItemProxy */;
		};
		87C87B9E2B93D64D000B70CC /* PBXTargetDependency */ = {
			isa = PBXTargetDependency;
			target = 87A9F3A82B8D017D00B93A99 /* Data */;
			targetProxy = 87C87B9D2B93D64D000B70CC /* PBXContainerItemProxy */;
		};
		87C87BA52B93D65E000B70CC /* PBXTargetDependency */ = {
			isa = PBXTargetDependency;
			target = 87A9F3982B8CFFE400B93A99 /* Domain */;
			targetProxy = 87C87BA42B93D65E000B70CC /* PBXContainerItemProxy */;
		};
		87C87BA92B93D65E000B70CC /* PBXTargetDependency */ = {
			isa = PBXTargetDependency;
			target = 87CF92A62B90FB16001FBC14 /* Infra */;
			targetProxy = 87C87BA82B93D65E000B70CC /* PBXContainerItemProxy */;
		};
		87CF92B12B90FB16001FBC14 /* PBXTargetDependency */ = {
			isa = PBXTargetDependency;
			target = 87CF92A62B90FB16001FBC14 /* Infra */;
			targetProxy = 87CF92B02B90FB16001FBC14 /* PBXContainerItemProxy */;
		};
		87CF92BF2B90FBD7001FBC14 /* PBXTargetDependency */ = {
			isa = PBXTargetDependency;
			target = 87A9F3A82B8D017D00B93A99 /* Data */;
			targetProxy = 87CF92BE2B90FBD7001FBC14 /* PBXContainerItemProxy */;
		};
/* End PBXTargetDependency section */

/* Begin XCBuildConfiguration section */
		879BF3AD2B94A764003D1A3A /* Debug */ = {
			isa = XCBuildConfiguration;
			buildSettings = {
				CLANG_ENABLE_MODULES = YES;
				CODE_SIGN_STYLE = Automatic;
				COMBINE_HIDPI_IMAGES = YES;
				CURRENT_PROJECT_VERSION = 1;
				DEFINES_MODULE = YES;
				DEVELOPMENT_TEAM = R6666T3YAD;
				DYLIB_COMPATIBILITY_VERSION = 1;
				DYLIB_CURRENT_VERSION = 1;
				DYLIB_INSTALL_NAME_BASE = "@rpath";
				ENABLE_MODULE_VERIFIER = YES;
				GENERATE_INFOPLIST_FILE = YES;
				INFOPLIST_KEY_NSHumanReadableCopyright = "";
				INSTALL_PATH = "$(LOCAL_LIBRARY_DIR)/Frameworks";
				LD_RUNPATH_SEARCH_PATHS = (
					"$(inherited)",
					"@executable_path/../Frameworks",
					"@loader_path/Frameworks",
				);
				MACOSX_DEPLOYMENT_TARGET = 14.1;
				MARKETING_VERSION = 1.0;
				MODULE_VERIFIER_SUPPORTED_LANGUAGES = "objective-c objective-c++";
				MODULE_VERIFIER_SUPPORTED_LANGUAGE_STANDARDS = "gnu17 gnu++20";
				PRODUCT_BUNDLE_IDENTIFIER = de.Oliveira.Presentation;
				PRODUCT_NAME = "$(TARGET_NAME:c99extidentifier)";
				SDKROOT = macosx;
				SKIP_INSTALL = YES;
				SUPPORTED_PLATFORMS = "macosx iphoneos iphonesimulator";
				SWIFT_EMIT_LOC_STRINGS = YES;
				SWIFT_OPTIMIZATION_LEVEL = "-Onone";
				SWIFT_VERSION = 5.0;
			};
			name = Debug;
		};
		879BF3AE2B94A764003D1A3A /* Release */ = {
			isa = XCBuildConfiguration;
			buildSettings = {
				CLANG_ENABLE_MODULES = YES;
				CODE_SIGN_STYLE = Automatic;
				COMBINE_HIDPI_IMAGES = YES;
				CURRENT_PROJECT_VERSION = 1;
				DEFINES_MODULE = YES;
				DEVELOPMENT_TEAM = R6666T3YAD;
				DYLIB_COMPATIBILITY_VERSION = 1;
				DYLIB_CURRENT_VERSION = 1;
				DYLIB_INSTALL_NAME_BASE = "@rpath";
				ENABLE_MODULE_VERIFIER = YES;
				GENERATE_INFOPLIST_FILE = YES;
				INFOPLIST_KEY_NSHumanReadableCopyright = "";
				INSTALL_PATH = "$(LOCAL_LIBRARY_DIR)/Frameworks";
				LD_RUNPATH_SEARCH_PATHS = (
					"$(inherited)",
					"@executable_path/../Frameworks",
					"@loader_path/Frameworks",
				);
				MACOSX_DEPLOYMENT_TARGET = 14.1;
				MARKETING_VERSION = 1.0;
				MODULE_VERIFIER_SUPPORTED_LANGUAGES = "objective-c objective-c++";
				MODULE_VERIFIER_SUPPORTED_LANGUAGE_STANDARDS = "gnu17 gnu++20";
				PRODUCT_BUNDLE_IDENTIFIER = de.Oliveira.Presentation;
				PRODUCT_NAME = "$(TARGET_NAME:c99extidentifier)";
				SDKROOT = macosx;
				SKIP_INSTALL = YES;
				SUPPORTED_PLATFORMS = "macosx iphoneos iphonesimulator";
				SWIFT_EMIT_LOC_STRINGS = YES;
				SWIFT_VERSION = 5.0;
			};
			name = Release;
		};
		879BF3AF2B94A764003D1A3A /* Debug */ = {
			isa = XCBuildConfiguration;
			buildSettings = {
				ALWAYS_EMBED_SWIFT_STANDARD_LIBRARIES = YES;
				CODE_SIGN_STYLE = Automatic;
				CURRENT_PROJECT_VERSION = 1;
				DEVELOPMENT_TEAM = R6666T3YAD;
				GENERATE_INFOPLIST_FILE = YES;
				MACOSX_DEPLOYMENT_TARGET = 14.1;
				MARKETING_VERSION = 1.0;
				PRODUCT_BUNDLE_IDENTIFIER = de.Oliveira.PresentationTests;
				PRODUCT_NAME = "$(TARGET_NAME)";
				SDKROOT = macosx;
				SUPPORTED_PLATFORMS = "macosx iphoneos iphonesimulator";
				SWIFT_EMIT_LOC_STRINGS = NO;
				SWIFT_VERSION = 5.0;
			};
			name = Debug;
		};
		879BF3B02B94A764003D1A3A /* Release */ = {
			isa = XCBuildConfiguration;
			buildSettings = {
				ALWAYS_EMBED_SWIFT_STANDARD_LIBRARIES = YES;
				CODE_SIGN_STYLE = Automatic;
				CURRENT_PROJECT_VERSION = 1;
				DEVELOPMENT_TEAM = R6666T3YAD;
				GENERATE_INFOPLIST_FILE = YES;
				MACOSX_DEPLOYMENT_TARGET = 14.1;
				MARKETING_VERSION = 1.0;
				PRODUCT_BUNDLE_IDENTIFIER = de.Oliveira.PresentationTests;
				PRODUCT_NAME = "$(TARGET_NAME)";
				SDKROOT = macosx;
				SUPPORTED_PLATFORMS = "macosx iphoneos iphonesimulator";
				SWIFT_EMIT_LOC_STRINGS = NO;
				SWIFT_VERSION = 5.0;
			};
			name = Release;
		};
		87A9F38F2B8CFE7D00B93A99 /* Debug */ = {
			isa = XCBuildConfiguration;
			buildSettings = {
				ALWAYS_SEARCH_USER_PATHS = NO;
				ASSETCATALOG_COMPILER_GENERATE_SWIFT_ASSET_SYMBOL_EXTENSIONS = YES;
				CLANG_ANALYZER_NONNULL = YES;
				CLANG_ANALYZER_NUMBER_OBJECT_CONVERSION = YES_AGGRESSIVE;
				CLANG_CXX_LANGUAGE_STANDARD = "gnu++20";
				CLANG_ENABLE_MODULES = YES;
				CLANG_ENABLE_OBJC_ARC = YES;
				CLANG_ENABLE_OBJC_WEAK = YES;
				CLANG_WARN_BLOCK_CAPTURE_AUTORELEASING = YES;
				CLANG_WARN_BOOL_CONVERSION = YES;
				CLANG_WARN_COMMA = YES;
				CLANG_WARN_CONSTANT_CONVERSION = YES;
				CLANG_WARN_DEPRECATED_OBJC_IMPLEMENTATIONS = YES;
				CLANG_WARN_DIRECT_OBJC_ISA_USAGE = YES_ERROR;
				CLANG_WARN_DOCUMENTATION_COMMENTS = YES;
				CLANG_WARN_EMPTY_BODY = YES;
				CLANG_WARN_ENUM_CONVERSION = YES;
				CLANG_WARN_INFINITE_RECURSION = YES;
				CLANG_WARN_INT_CONVERSION = YES;
				CLANG_WARN_NON_LITERAL_NULL_CONVERSION = YES;
				CLANG_WARN_OBJC_IMPLICIT_RETAIN_SELF = YES;
				CLANG_WARN_OBJC_LITERAL_CONVERSION = YES;
				CLANG_WARN_OBJC_ROOT_CLASS = YES_ERROR;
				CLANG_WARN_QUOTED_INCLUDE_IN_FRAMEWORK_HEADER = YES;
				CLANG_WARN_RANGE_LOOP_ANALYSIS = YES;
				CLANG_WARN_STRICT_PROTOTYPES = YES;
				CLANG_WARN_SUSPICIOUS_MOVE = YES;
				CLANG_WARN_UNGUARDED_AVAILABILITY = YES_AGGRESSIVE;
				CLANG_WARN_UNREACHABLE_CODE = YES;
				CLANG_WARN__DUPLICATE_METHOD_MATCH = YES;
				COPY_PHASE_STRIP = NO;
				CURRENT_PROJECT_VERSION = 1;
				DEBUG_INFORMATION_FORMAT = dwarf;
				ENABLE_STRICT_OBJC_MSGSEND = YES;
				ENABLE_TESTABILITY = YES;
				ENABLE_USER_SCRIPT_SANDBOXING = YES;
				GCC_C_LANGUAGE_STANDARD = gnu17;
				GCC_DYNAMIC_NO_PIC = NO;
				GCC_NO_COMMON_BLOCKS = YES;
				GCC_OPTIMIZATION_LEVEL = 0;
				GCC_PREPROCESSOR_DEFINITIONS = (
					"DEBUG=1",
					"$(inherited)",
				);
				GCC_WARN_64_TO_32_BIT_CONVERSION = YES;
				GCC_WARN_ABOUT_RETURN_TYPE = YES_ERROR;
				GCC_WARN_UNDECLARED_SELECTOR = YES;
				GCC_WARN_UNINITIALIZED_AUTOS = YES_AGGRESSIVE;
				GCC_WARN_UNUSED_FUNCTION = YES;
				GCC_WARN_UNUSED_VARIABLE = YES;
				LOCALIZATION_PREFERS_STRING_CATALOGS = YES;
				MTL_ENABLE_DEBUG_INFO = INCLUDE_SOURCE;
				MTL_FAST_MATH = YES;
				ONLY_ACTIVE_ARCH = YES;
				SWIFT_ACTIVE_COMPILATION_CONDITIONS = "DEBUG $(inherited)";
				SWIFT_OPTIMIZATION_LEVEL = "-Onone";
				VERSIONING_SYSTEM = "apple-generic";
				VERSION_INFO_PREFIX = "";
			};
			name = Debug;
		};
		87A9F3902B8CFE7D00B93A99 /* Release */ = {
			isa = XCBuildConfiguration;
			buildSettings = {
				ALWAYS_SEARCH_USER_PATHS = NO;
				ASSETCATALOG_COMPILER_GENERATE_SWIFT_ASSET_SYMBOL_EXTENSIONS = YES;
				CLANG_ANALYZER_NONNULL = YES;
				CLANG_ANALYZER_NUMBER_OBJECT_CONVERSION = YES_AGGRESSIVE;
				CLANG_CXX_LANGUAGE_STANDARD = "gnu++20";
				CLANG_ENABLE_MODULES = YES;
				CLANG_ENABLE_OBJC_ARC = YES;
				CLANG_ENABLE_OBJC_WEAK = YES;
				CLANG_WARN_BLOCK_CAPTURE_AUTORELEASING = YES;
				CLANG_WARN_BOOL_CONVERSION = YES;
				CLANG_WARN_COMMA = YES;
				CLANG_WARN_CONSTANT_CONVERSION = YES;
				CLANG_WARN_DEPRECATED_OBJC_IMPLEMENTATIONS = YES;
				CLANG_WARN_DIRECT_OBJC_ISA_USAGE = YES_ERROR;
				CLANG_WARN_DOCUMENTATION_COMMENTS = YES;
				CLANG_WARN_EMPTY_BODY = YES;
				CLANG_WARN_ENUM_CONVERSION = YES;
				CLANG_WARN_INFINITE_RECURSION = YES;
				CLANG_WARN_INT_CONVERSION = YES;
				CLANG_WARN_NON_LITERAL_NULL_CONVERSION = YES;
				CLANG_WARN_OBJC_IMPLICIT_RETAIN_SELF = YES;
				CLANG_WARN_OBJC_LITERAL_CONVERSION = YES;
				CLANG_WARN_OBJC_ROOT_CLASS = YES_ERROR;
				CLANG_WARN_QUOTED_INCLUDE_IN_FRAMEWORK_HEADER = YES;
				CLANG_WARN_RANGE_LOOP_ANALYSIS = YES;
				CLANG_WARN_STRICT_PROTOTYPES = YES;
				CLANG_WARN_SUSPICIOUS_MOVE = YES;
				CLANG_WARN_UNGUARDED_AVAILABILITY = YES_AGGRESSIVE;
				CLANG_WARN_UNREACHABLE_CODE = YES;
				CLANG_WARN__DUPLICATE_METHOD_MATCH = YES;
				COPY_PHASE_STRIP = NO;
				CURRENT_PROJECT_VERSION = 1;
				DEBUG_INFORMATION_FORMAT = "dwarf-with-dsym";
				ENABLE_NS_ASSERTIONS = NO;
				ENABLE_STRICT_OBJC_MSGSEND = YES;
				ENABLE_USER_SCRIPT_SANDBOXING = YES;
				GCC_C_LANGUAGE_STANDARD = gnu17;
				GCC_NO_COMMON_BLOCKS = YES;
				GCC_WARN_64_TO_32_BIT_CONVERSION = YES;
				GCC_WARN_ABOUT_RETURN_TYPE = YES_ERROR;
				GCC_WARN_UNDECLARED_SELECTOR = YES;
				GCC_WARN_UNINITIALIZED_AUTOS = YES_AGGRESSIVE;
				GCC_WARN_UNUSED_FUNCTION = YES;
				GCC_WARN_UNUSED_VARIABLE = YES;
				LOCALIZATION_PREFERS_STRING_CATALOGS = YES;
				MTL_ENABLE_DEBUG_INFO = NO;
				MTL_FAST_MATH = YES;
				SWIFT_COMPILATION_MODE = wholemodule;
				VERSIONING_SYSTEM = "apple-generic";
				VERSION_INFO_PREFIX = "";
			};
			name = Release;
		};
		87A9F39E2B8CFFE400B93A99 /* Debug */ = {
			isa = XCBuildConfiguration;
			buildSettings = {
				CLANG_ENABLE_MODULES = YES;
				CODE_SIGN_STYLE = Automatic;
				COMBINE_HIDPI_IMAGES = YES;
				CURRENT_PROJECT_VERSION = 1;
				DEFINES_MODULE = YES;
				DEVELOPMENT_TEAM = R6666T3YAD;
				DYLIB_COMPATIBILITY_VERSION = 1;
				DYLIB_CURRENT_VERSION = 1;
				DYLIB_INSTALL_NAME_BASE = "@rpath";
				ENABLE_MODULE_VERIFIER = YES;
				GENERATE_INFOPLIST_FILE = YES;
				INFOPLIST_KEY_NSHumanReadableCopyright = "";
				INSTALL_PATH = "$(LOCAL_LIBRARY_DIR)/Frameworks";
				LD_RUNPATH_SEARCH_PATHS = (
					"$(inherited)",
					"@executable_path/../Frameworks",
					"@loader_path/Frameworks",
				);
				MACOSX_DEPLOYMENT_TARGET = 14.1;
				MARKETING_VERSION = 1.0;
				MODULE_VERIFIER_SUPPORTED_LANGUAGES = "objective-c objective-c++";
				MODULE_VERIFIER_SUPPORTED_LANGUAGE_STANDARDS = "gnu17 gnu++20";
				PRODUCT_BUNDLE_IDENTIFIER = de.Oliveira.Domain;
				PRODUCT_NAME = "$(TARGET_NAME:c99extidentifier)";
				SDKROOT = macosx;
				SKIP_INSTALL = YES;
				SUPPORTED_PLATFORMS = "macosx iphoneos iphonesimulator";
				SWIFT_EMIT_LOC_STRINGS = YES;
				SWIFT_OPTIMIZATION_LEVEL = "-Onone";
				SWIFT_VERSION = 5.0;
			};
			name = Debug;
		};
		87A9F39F2B8CFFE400B93A99 /* Release */ = {
			isa = XCBuildConfiguration;
			buildSettings = {
				CLANG_ENABLE_MODULES = YES;
				CODE_SIGN_STYLE = Automatic;
				COMBINE_HIDPI_IMAGES = YES;
				CURRENT_PROJECT_VERSION = 1;
				DEFINES_MODULE = YES;
				DEVELOPMENT_TEAM = R6666T3YAD;
				DYLIB_COMPATIBILITY_VERSION = 1;
				DYLIB_CURRENT_VERSION = 1;
				DYLIB_INSTALL_NAME_BASE = "@rpath";
				ENABLE_MODULE_VERIFIER = YES;
				GENERATE_INFOPLIST_FILE = YES;
				INFOPLIST_KEY_NSHumanReadableCopyright = "";
				INSTALL_PATH = "$(LOCAL_LIBRARY_DIR)/Frameworks";
				LD_RUNPATH_SEARCH_PATHS = (
					"$(inherited)",
					"@executable_path/../Frameworks",
					"@loader_path/Frameworks",
				);
				MACOSX_DEPLOYMENT_TARGET = 14.1;
				MARKETING_VERSION = 1.0;
				MODULE_VERIFIER_SUPPORTED_LANGUAGES = "objective-c objective-c++";
				MODULE_VERIFIER_SUPPORTED_LANGUAGE_STANDARDS = "gnu17 gnu++20";
				PRODUCT_BUNDLE_IDENTIFIER = de.Oliveira.Domain;
				PRODUCT_NAME = "$(TARGET_NAME:c99extidentifier)";
				SDKROOT = macosx;
				SKIP_INSTALL = YES;
				SUPPORTED_PLATFORMS = "macosx iphoneos iphonesimulator";
				SWIFT_EMIT_LOC_STRINGS = YES;
				SWIFT_VERSION = 5.0;
			};
			name = Release;
		};
		87A9F3B92B8D017D00B93A99 /* Debug */ = {
			isa = XCBuildConfiguration;
			buildSettings = {
				CLANG_ENABLE_MODULES = YES;
				CODE_SIGN_STYLE = Automatic;
				COMBINE_HIDPI_IMAGES = YES;
				CURRENT_PROJECT_VERSION = 1;
				DEFINES_MODULE = YES;
				DEVELOPMENT_TEAM = R6666T3YAD;
				DYLIB_COMPATIBILITY_VERSION = 1;
				DYLIB_CURRENT_VERSION = 1;
				DYLIB_INSTALL_NAME_BASE = "@rpath";
				ENABLE_MODULE_VERIFIER = YES;
				GENERATE_INFOPLIST_FILE = YES;
				INFOPLIST_KEY_NSHumanReadableCopyright = "";
				INSTALL_PATH = "$(LOCAL_LIBRARY_DIR)/Frameworks";
				LD_RUNPATH_SEARCH_PATHS = (
					"$(inherited)",
					"@executable_path/../Frameworks",
					"@loader_path/Frameworks",
				);
				MACOSX_DEPLOYMENT_TARGET = 14.1;
				MARKETING_VERSION = 1.0;
				MODULE_VERIFIER_SUPPORTED_LANGUAGES = "objective-c objective-c++";
				MODULE_VERIFIER_SUPPORTED_LANGUAGE_STANDARDS = "gnu17 gnu++20";
				PRODUCT_BUNDLE_IDENTIFIER = de.Oliveira.Data;
				PRODUCT_NAME = "$(TARGET_NAME:c99extidentifier)";
				SDKROOT = macosx;
				SKIP_INSTALL = YES;
				SUPPORTED_PLATFORMS = "macosx iphoneos iphonesimulator";
				SWIFT_EMIT_LOC_STRINGS = YES;
				SWIFT_OPTIMIZATION_LEVEL = "-Onone";
				SWIFT_VERSION = 5.0;
			};
			name = Debug;
		};
		87A9F3BA2B8D017D00B93A99 /* Release */ = {
			isa = XCBuildConfiguration;
			buildSettings = {
				CLANG_ENABLE_MODULES = YES;
				CODE_SIGN_STYLE = Automatic;
				COMBINE_HIDPI_IMAGES = YES;
				CURRENT_PROJECT_VERSION = 1;
				DEFINES_MODULE = YES;
				DEVELOPMENT_TEAM = R6666T3YAD;
				DYLIB_COMPATIBILITY_VERSION = 1;
				DYLIB_CURRENT_VERSION = 1;
				DYLIB_INSTALL_NAME_BASE = "@rpath";
				ENABLE_MODULE_VERIFIER = YES;
				GENERATE_INFOPLIST_FILE = YES;
				INFOPLIST_KEY_NSHumanReadableCopyright = "";
				INSTALL_PATH = "$(LOCAL_LIBRARY_DIR)/Frameworks";
				LD_RUNPATH_SEARCH_PATHS = (
					"$(inherited)",
					"@executable_path/../Frameworks",
					"@loader_path/Frameworks",
				);
				MACOSX_DEPLOYMENT_TARGET = 14.1;
				MARKETING_VERSION = 1.0;
				MODULE_VERIFIER_SUPPORTED_LANGUAGES = "objective-c objective-c++";
				MODULE_VERIFIER_SUPPORTED_LANGUAGE_STANDARDS = "gnu17 gnu++20";
				PRODUCT_BUNDLE_IDENTIFIER = de.Oliveira.Data;
				PRODUCT_NAME = "$(TARGET_NAME:c99extidentifier)";
				SDKROOT = macosx;
				SKIP_INSTALL = YES;
				SUPPORTED_PLATFORMS = "macosx iphoneos iphonesimulator";
				SWIFT_EMIT_LOC_STRINGS = YES;
				SWIFT_VERSION = 5.0;
			};
			name = Release;
		};
		87A9F3BC2B8D017D00B93A99 /* Debug */ = {
			isa = XCBuildConfiguration;
			buildSettings = {
				ALWAYS_EMBED_SWIFT_STANDARD_LIBRARIES = YES;
				CODE_SIGN_STYLE = Automatic;
				CURRENT_PROJECT_VERSION = 1;
				DEVELOPMENT_TEAM = R6666T3YAD;
				GENERATE_INFOPLIST_FILE = YES;
				MACOSX_DEPLOYMENT_TARGET = 14.1;
				MARKETING_VERSION = 1.0;
				PRODUCT_BUNDLE_IDENTIFIER = de.Oliveira.DataTests;
				PRODUCT_NAME = "$(TARGET_NAME)";
				SDKROOT = macosx;
				SUPPORTED_PLATFORMS = "macosx iphoneos iphonesimulator";
				SWIFT_EMIT_LOC_STRINGS = NO;
				SWIFT_VERSION = 5.0;
			};
			name = Debug;
		};
		87A9F3BD2B8D017D00B93A99 /* Release */ = {
			isa = XCBuildConfiguration;
			buildSettings = {
				ALWAYS_EMBED_SWIFT_STANDARD_LIBRARIES = YES;
				CODE_SIGN_STYLE = Automatic;
				CURRENT_PROJECT_VERSION = 1;
				DEVELOPMENT_TEAM = R6666T3YAD;
				GENERATE_INFOPLIST_FILE = YES;
				MACOSX_DEPLOYMENT_TARGET = 14.1;
				MARKETING_VERSION = 1.0;
				PRODUCT_BUNDLE_IDENTIFIER = de.Oliveira.DataTests;
				PRODUCT_NAME = "$(TARGET_NAME)";
				SDKROOT = macosx;
				SUPPORTED_PLATFORMS = "macosx iphoneos iphonesimulator";
				SWIFT_EMIT_LOC_STRINGS = NO;
				SWIFT_VERSION = 5.0;
			};
			name = Release;
		};
		87B0CCDE2B95E6C80010867E /* Debug */ = {
			isa = XCBuildConfiguration;
			buildSettings = {
				CLANG_ENABLE_MODULES = YES;
				CODE_SIGN_STYLE = Automatic;
				COMBINE_HIDPI_IMAGES = YES;
				CURRENT_PROJECT_VERSION = 1;
				DEFINES_MODULE = YES;
				DEVELOPMENT_TEAM = R6666T3YAD;
				DYLIB_COMPATIBILITY_VERSION = 1;
				DYLIB_CURRENT_VERSION = 1;
				DYLIB_INSTALL_NAME_BASE = "@rpath";
				ENABLE_MODULE_VERIFIER = YES;
				GENERATE_INFOPLIST_FILE = YES;
				INFOPLIST_KEY_NSHumanReadableCopyright = "";
				INSTALL_PATH = "$(LOCAL_LIBRARY_DIR)/Frameworks";
				LD_RUNPATH_SEARCH_PATHS = (
					"$(inherited)",
					"@executable_path/../Frameworks",
					"@loader_path/Frameworks",
				);
				MACOSX_DEPLOYMENT_TARGET = 14.1;
				MARKETING_VERSION = 1.0;
				MODULE_VERIFIER_SUPPORTED_LANGUAGES = "objective-c objective-c++";
				MODULE_VERIFIER_SUPPORTED_LANGUAGE_STANDARDS = "gnu17 gnu++20";
				PRODUCT_BUNDLE_IDENTIFIER = de.Oliveira.UI;
				PRODUCT_NAME = "$(TARGET_NAME:c99extidentifier)";
				SDKROOT = macosx;
				SKIP_INSTALL = YES;
				SUPPORTED_PLATFORMS = "macosx iphoneos iphonesimulator";
				SWIFT_EMIT_LOC_STRINGS = YES;
				SWIFT_OPTIMIZATION_LEVEL = "-Onone";
				SWIFT_VERSION = 5.0;
			};
			name = Debug;
		};
		87B0CCDF2B95E6C80010867E /* Release */ = {
			isa = XCBuildConfiguration;
			buildSettings = {
				CLANG_ENABLE_MODULES = YES;
				CODE_SIGN_STYLE = Automatic;
				COMBINE_HIDPI_IMAGES = YES;
				CURRENT_PROJECT_VERSION = 1;
				DEFINES_MODULE = YES;
				DEVELOPMENT_TEAM = R6666T3YAD;
				DYLIB_COMPATIBILITY_VERSION = 1;
				DYLIB_CURRENT_VERSION = 1;
				DYLIB_INSTALL_NAME_BASE = "@rpath";
				ENABLE_MODULE_VERIFIER = YES;
				GENERATE_INFOPLIST_FILE = YES;
				INFOPLIST_KEY_NSHumanReadableCopyright = "";
				INSTALL_PATH = "$(LOCAL_LIBRARY_DIR)/Frameworks";
				LD_RUNPATH_SEARCH_PATHS = (
					"$(inherited)",
					"@executable_path/../Frameworks",
					"@loader_path/Frameworks",
				);
				MACOSX_DEPLOYMENT_TARGET = 14.1;
				MARKETING_VERSION = 1.0;
				MODULE_VERIFIER_SUPPORTED_LANGUAGES = "objective-c objective-c++";
				MODULE_VERIFIER_SUPPORTED_LANGUAGE_STANDARDS = "gnu17 gnu++20";
				PRODUCT_BUNDLE_IDENTIFIER = de.Oliveira.UI;
				PRODUCT_NAME = "$(TARGET_NAME:c99extidentifier)";
				SDKROOT = macosx;
				SKIP_INSTALL = YES;
				SUPPORTED_PLATFORMS = "macosx iphoneos iphonesimulator";
				SWIFT_EMIT_LOC_STRINGS = YES;
				SWIFT_VERSION = 5.0;
			};
			name = Release;
		};
		87B0CCE02B95E6C80010867E /* Debug */ = {
			isa = XCBuildConfiguration;
			buildSettings = {
				ALWAYS_EMBED_SWIFT_STANDARD_LIBRARIES = YES;
				CODE_SIGN_STYLE = Automatic;
				CURRENT_PROJECT_VERSION = 1;
				DEVELOPMENT_TEAM = R6666T3YAD;
				GENERATE_INFOPLIST_FILE = YES;
				MACOSX_DEPLOYMENT_TARGET = 14.1;
				MARKETING_VERSION = 1.0;
				PRODUCT_BUNDLE_IDENTIFIER = de.Oliveira.UITests;
				PRODUCT_NAME = "$(TARGET_NAME)";
				SDKROOT = macosx;
				SUPPORTED_PLATFORMS = "macosx iphoneos iphonesimulator";
				SWIFT_EMIT_LOC_STRINGS = NO;
				SWIFT_VERSION = 5.0;
			};
			name = Debug;
		};
		87B0CCE12B95E6C80010867E /* Release */ = {
			isa = XCBuildConfiguration;
			buildSettings = {
				ALWAYS_EMBED_SWIFT_STANDARD_LIBRARIES = YES;
				CODE_SIGN_STYLE = Automatic;
				CURRENT_PROJECT_VERSION = 1;
				DEVELOPMENT_TEAM = R6666T3YAD;
				GENERATE_INFOPLIST_FILE = YES;
				MACOSX_DEPLOYMENT_TARGET = 14.1;
				MARKETING_VERSION = 1.0;
				PRODUCT_BUNDLE_IDENTIFIER = de.Oliveira.UITests;
				PRODUCT_NAME = "$(TARGET_NAME)";
				SDKROOT = macosx;
				SUPPORTED_PLATFORMS = "macosx iphoneos iphonesimulator";
				SWIFT_EMIT_LOC_STRINGS = NO;
				SWIFT_VERSION = 5.0;
			};
			name = Release;
		};
		87C87BA02B93D64D000B70CC /* Debug */ = {
			isa = XCBuildConfiguration;
			buildSettings = {
				CODE_SIGN_STYLE = Automatic;
				CURRENT_PROJECT_VERSION = 1;
				DEVELOPMENT_TEAM = R6666T3YAD;
				GENERATE_INFOPLIST_FILE = YES;
				MACOSX_DEPLOYMENT_TARGET = 14.1;
				MARKETING_VERSION = 1.0;
				PRODUCT_BUNDLE_IDENTIFIER = de.Oliveira.UseCasesIntegrationTests;
				PRODUCT_NAME = "$(TARGET_NAME)";
				SDKROOT = macosx;
				SUPPORTED_PLATFORMS = "macosx iphoneos iphonesimulator";
				SWIFT_EMIT_LOC_STRINGS = NO;
				SWIFT_VERSION = 5.0;
			};
			name = Debug;
		};
		87C87BA12B93D64D000B70CC /* Release */ = {
			isa = XCBuildConfiguration;
			buildSettings = {
				CODE_SIGN_STYLE = Automatic;
				CURRENT_PROJECT_VERSION = 1;
				DEVELOPMENT_TEAM = R6666T3YAD;
				GENERATE_INFOPLIST_FILE = YES;
				MACOSX_DEPLOYMENT_TARGET = 14.1;
				MARKETING_VERSION = 1.0;
				PRODUCT_BUNDLE_IDENTIFIER = de.Oliveira.UseCasesIntegrationTests;
				PRODUCT_NAME = "$(TARGET_NAME)";
				SDKROOT = macosx;
				SUPPORTED_PLATFORMS = "macosx iphoneos iphonesimulator";
				SWIFT_EMIT_LOC_STRINGS = NO;
				SWIFT_VERSION = 5.0;
			};
			name = Release;
		};
		87CF92B72B90FB16001FBC14 /* Debug */ = {
			isa = XCBuildConfiguration;
			buildSettings = {
				CLANG_ENABLE_MODULES = YES;
				CODE_SIGN_STYLE = Automatic;
				COMBINE_HIDPI_IMAGES = YES;
				CURRENT_PROJECT_VERSION = 1;
				DEFINES_MODULE = YES;
				DEVELOPMENT_TEAM = R6666T3YAD;
				DYLIB_COMPATIBILITY_VERSION = 1;
				DYLIB_CURRENT_VERSION = 1;
				DYLIB_INSTALL_NAME_BASE = "@rpath";
				ENABLE_MODULE_VERIFIER = YES;
				GENERATE_INFOPLIST_FILE = YES;
				INFOPLIST_KEY_NSHumanReadableCopyright = "";
				INSTALL_PATH = "$(LOCAL_LIBRARY_DIR)/Frameworks";
				LD_RUNPATH_SEARCH_PATHS = (
					"$(inherited)",
					"@executable_path/../Frameworks",
					"@loader_path/Frameworks",
				);
				MACOSX_DEPLOYMENT_TARGET = 14.1;
				MARKETING_VERSION = 1.0;
				MODULE_VERIFIER_SUPPORTED_LANGUAGES = "objective-c objective-c++";
				MODULE_VERIFIER_SUPPORTED_LANGUAGE_STANDARDS = "gnu17 gnu++20";
				PRODUCT_BUNDLE_IDENTIFIER = de.Oliveira.Infra;
				PRODUCT_NAME = "$(TARGET_NAME:c99extidentifier)";
				SDKROOT = macosx;
				SKIP_INSTALL = YES;
				SUPPORTED_PLATFORMS = "macosx iphoneos iphonesimulator";
				SWIFT_EMIT_LOC_STRINGS = YES;
				SWIFT_OPTIMIZATION_LEVEL = "-Onone";
				SWIFT_VERSION = 5.0;
			};
			name = Debug;
		};
		87CF92B82B90FB16001FBC14 /* Release */ = {
			isa = XCBuildConfiguration;
			buildSettings = {
				CLANG_ENABLE_MODULES = YES;
				CODE_SIGN_STYLE = Automatic;
				COMBINE_HIDPI_IMAGES = YES;
				CURRENT_PROJECT_VERSION = 1;
				DEFINES_MODULE = YES;
				DEVELOPMENT_TEAM = R6666T3YAD;
				DYLIB_COMPATIBILITY_VERSION = 1;
				DYLIB_CURRENT_VERSION = 1;
				DYLIB_INSTALL_NAME_BASE = "@rpath";
				ENABLE_MODULE_VERIFIER = YES;
				GENERATE_INFOPLIST_FILE = YES;
				INFOPLIST_KEY_NSHumanReadableCopyright = "";
				INSTALL_PATH = "$(LOCAL_LIBRARY_DIR)/Frameworks";
				LD_RUNPATH_SEARCH_PATHS = (
					"$(inherited)",
					"@executable_path/../Frameworks",
					"@loader_path/Frameworks",
				);
				MACOSX_DEPLOYMENT_TARGET = 14.1;
				MARKETING_VERSION = 1.0;
				MODULE_VERIFIER_SUPPORTED_LANGUAGES = "objective-c objective-c++";
				MODULE_VERIFIER_SUPPORTED_LANGUAGE_STANDARDS = "gnu17 gnu++20";
				PRODUCT_BUNDLE_IDENTIFIER = de.Oliveira.Infra;
				PRODUCT_NAME = "$(TARGET_NAME:c99extidentifier)";
				SDKROOT = macosx;
				SKIP_INSTALL = YES;
				SUPPORTED_PLATFORMS = "macosx iphoneos iphonesimulator";
				SWIFT_EMIT_LOC_STRINGS = YES;
				SWIFT_VERSION = 5.0;
			};
			name = Release;
		};
		87CF92BA2B90FB16001FBC14 /* Debug */ = {
			isa = XCBuildConfiguration;
			buildSettings = {
				ALWAYS_EMBED_SWIFT_STANDARD_LIBRARIES = YES;
				CODE_SIGN_STYLE = Automatic;
				CURRENT_PROJECT_VERSION = 1;
				DEVELOPMENT_TEAM = R6666T3YAD;
				GENERATE_INFOPLIST_FILE = YES;
				MACOSX_DEPLOYMENT_TARGET = 14.1;
				MARKETING_VERSION = 1.0;
				PRODUCT_BUNDLE_IDENTIFIER = de.Oliveira.InfraTests;
				PRODUCT_NAME = "$(TARGET_NAME)";
				SDKROOT = macosx;
				SUPPORTED_PLATFORMS = "macosx iphoneos iphonesimulator";
				SWIFT_EMIT_LOC_STRINGS = NO;
				SWIFT_VERSION = 5.0;
			};
			name = Debug;
		};
		87CF92BB2B90FB16001FBC14 /* Release */ = {
			isa = XCBuildConfiguration;
			buildSettings = {
				ALWAYS_EMBED_SWIFT_STANDARD_LIBRARIES = YES;
				CODE_SIGN_STYLE = Automatic;
				CURRENT_PROJECT_VERSION = 1;
				DEVELOPMENT_TEAM = R6666T3YAD;
				GENERATE_INFOPLIST_FILE = YES;
				MACOSX_DEPLOYMENT_TARGET = 14.1;
				MARKETING_VERSION = 1.0;
				PRODUCT_BUNDLE_IDENTIFIER = de.Oliveira.InfraTests;
				PRODUCT_NAME = "$(TARGET_NAME)";
				SDKROOT = macosx;
				SUPPORTED_PLATFORMS = "macosx iphoneos iphonesimulator";
				SWIFT_EMIT_LOC_STRINGS = NO;
				SWIFT_VERSION = 5.0;
			};
			name = Release;
		};
/* End XCBuildConfiguration section */

/* Begin XCConfigurationList section */
		879BF3B12B94A764003D1A3A /* Build configuration list for PBXNativeTarget "Presentation" */ = {
			isa = XCConfigurationList;
			buildConfigurations = (
				879BF3AD2B94A764003D1A3A /* Debug */,
				879BF3AE2B94A764003D1A3A /* Release */,
			);
			defaultConfigurationIsVisible = 0;
			defaultConfigurationName = Release;
		};
		879BF3B22B94A764003D1A3A /* Build configuration list for PBXNativeTarget "PresentationTests" */ = {
			isa = XCConfigurationList;
			buildConfigurations = (
				879BF3AF2B94A764003D1A3A /* Debug */,
				879BF3B02B94A764003D1A3A /* Release */,
			);
			defaultConfigurationIsVisible = 0;
			defaultConfigurationName = Release;
		};
		87A9F3842B8CFE7D00B93A99 /* Build configuration list for PBXProject "CleanApp" */ = {
			isa = XCConfigurationList;
			buildConfigurations = (
				87A9F38F2B8CFE7D00B93A99 /* Debug */,
				87A9F3902B8CFE7D00B93A99 /* Release */,
			);
			defaultConfigurationIsVisible = 0;
			defaultConfigurationName = Release;
		};
		87A9F39D2B8CFFE400B93A99 /* Build configuration list for PBXNativeTarget "Domain" */ = {
			isa = XCConfigurationList;
			buildConfigurations = (
				87A9F39E2B8CFFE400B93A99 /* Debug */,
				87A9F39F2B8CFFE400B93A99 /* Release */,
			);
			defaultConfigurationIsVisible = 0;
			defaultConfigurationName = Release;
		};
		87A9F3B82B8D017D00B93A99 /* Build configuration list for PBXNativeTarget "Data" */ = {
			isa = XCConfigurationList;
			buildConfigurations = (
				87A9F3B92B8D017D00B93A99 /* Debug */,
				87A9F3BA2B8D017D00B93A99 /* Release */,
			);
			defaultConfigurationIsVisible = 0;
			defaultConfigurationName = Release;
		};
		87A9F3BB2B8D017D00B93A99 /* Build configuration list for PBXNativeTarget "DataTests" */ = {
			isa = XCConfigurationList;
			buildConfigurations = (
				87A9F3BC2B8D017D00B93A99 /* Debug */,
				87A9F3BD2B8D017D00B93A99 /* Release */,
			);
			defaultConfigurationIsVisible = 0;
			defaultConfigurationName = Release;
		};
		87B0CCE22B95E6C90010867E /* Build configuration list for PBXNativeTarget "UI" */ = {
			isa = XCConfigurationList;
			buildConfigurations = (
				87B0CCDE2B95E6C80010867E /* Debug */,
				87B0CCDF2B95E6C80010867E /* Release */,
			);
			defaultConfigurationIsVisible = 0;
			defaultConfigurationName = Release;
		};
		87B0CCE32B95E6C90010867E /* Build configuration list for PBXNativeTarget "UITests" */ = {
			isa = XCConfigurationList;
			buildConfigurations = (
				87B0CCE02B95E6C80010867E /* Debug */,
				87B0CCE12B95E6C80010867E /* Release */,
			);
			defaultConfigurationIsVisible = 0;
			defaultConfigurationName = Release;
		};
		87C87B9F2B93D64D000B70CC /* Build configuration list for PBXNativeTarget "UseCasesIntegrationTests" */ = {
			isa = XCConfigurationList;
			buildConfigurations = (
				87C87BA02B93D64D000B70CC /* Debug */,
				87C87BA12B93D64D000B70CC /* Release */,
			);
			defaultConfigurationIsVisible = 0;
			defaultConfigurationName = Release;
		};
		87CF92B62B90FB16001FBC14 /* Build configuration list for PBXNativeTarget "Infra" */ = {
			isa = XCConfigurationList;
			buildConfigurations = (
				87CF92B72B90FB16001FBC14 /* Debug */,
				87CF92B82B90FB16001FBC14 /* Release */,
			);
			defaultConfigurationIsVisible = 0;
			defaultConfigurationName = Release;
		};
		87CF92B92B90FB16001FBC14 /* Build configuration list for PBXNativeTarget "InfraTests" */ = {
			isa = XCConfigurationList;
			buildConfigurations = (
				87CF92BA2B90FB16001FBC14 /* Debug */,
				87CF92BB2B90FB16001FBC14 /* Release */,
			);
			defaultConfigurationIsVisible = 0;
			defaultConfigurationName = Release;
		};
/* End XCConfigurationList section */

/* Begin XCRemoteSwiftPackageReference section */
		87CF92C32B90FC89001FBC14 /* XCRemoteSwiftPackageReference "Alamofire" */ = {
			isa = XCRemoteSwiftPackageReference;
			repositoryURL = "https://github.com/Alamofire/Alamofire.git";
			requirement = {
				kind = upToNextMajorVersion;
				minimumVersion = 5.8.1;
			};
		};
/* End XCRemoteSwiftPackageReference section */

/* Begin XCSwiftPackageProductDependency section */
		87CF92C42B90FC89001FBC14 /* Alamofire */ = {
			isa = XCSwiftPackageProductDependency;
			package = 87CF92C32B90FC89001FBC14 /* XCRemoteSwiftPackageReference "Alamofire" */;
			productName = Alamofire;
		};
/* End XCSwiftPackageProductDependency section */
	};
	rootObject = 87A9F3812B8CFE7D00B93A99 /* Project object */;
}
